// !$*UTF8*$!
{
	archiveVersion = 1;
	classes = {
	};
	objectVersion = 54;
	objects = {

/* Begin PBXBuildFile section */
		05ADE9EB86654D19A4253611 /* InfoPlist.strings in Resources */ = {isa = PBXBuildFile; fileRef = 0E9939309A2A4E5C80A17A79 /* InfoPlist.strings */; };
		1363AE01E2C54DDCBBFD515B /* InfoPlist.strings in Resources */ = {isa = PBXBuildFile; fileRef = ED070680E6954067BB184248 /* InfoPlist.strings */; };
		13B07FBF1A68108700A75B9A /* Images.xcassets in Resources */ = {isa = PBXBuildFile; fileRef = 13B07FB51A68108700A75B9A /* Images.xcassets */; };
		1578E56244BC47B0B3BA2B7B /* InfoPlist.strings in Resources */ = {isa = PBXBuildFile; fileRef = 43E8103DF9CA43F184C19530 /* InfoPlist.strings */; };
		161EF095FBE98BCA7359C5FC /* PrivacyInfo.xcprivacy in Resources */ = {isa = PBXBuildFile; fileRef = 39DC517A0659FBAFB6C44FDE /* PrivacyInfo.xcprivacy */; };
		257FB4E927C341E7850D74FD /* InfoPlist.strings in Resources */ = {isa = PBXBuildFile; fileRef = 8CED72D37BDC47278F49941A /* InfoPlist.strings */; };
		2ACC311F4DCC4EE3811216F2 /* InfoPlist.strings in Resources */ = {isa = PBXBuildFile; fileRef = 728634AA73ED4E01947AA986 /* InfoPlist.strings */; };
		2CF92C1F4C364856838CF831 /* InfoPlist.strings in Resources */ = {isa = PBXBuildFile; fileRef = 0BCE7CCA64EC40699D765100 /* InfoPlist.strings */; };
		310773CD1FE94BCA95F3B43D /* InfoPlist.strings in Resources */ = {isa = PBXBuildFile; fileRef = 481B1D112F88448F99E4F069 /* InfoPlist.strings */; };
		3DB7954BEE8042F4836E2AF3 /* InfoPlist.strings in Resources */ = {isa = PBXBuildFile; fileRef = ABB21578932D43ADBDE3286E /* InfoPlist.strings */; };
		3E461D99554A48A4959DE609 /* SplashScreen.storyboard in Resources */ = {isa = PBXBuildFile; fileRef = AA286B85B6C04FC6940260E9 /* SplashScreen.storyboard */; };
		3E73E8C588F64F45B9BA737A /* InfoPlist.strings in Resources */ = {isa = PBXBuildFile; fileRef = 64D54E852CB848E78D1A23F6 /* InfoPlist.strings */; };
		4D68128A6CFB4743B80232BC /* InfoPlist.strings in Resources */ = {isa = PBXBuildFile; fileRef = 6F1547E478C34A45A67B96D8 /* InfoPlist.strings */; };
		54E2E1DEB54D4B53AED0C9C0 /* InfoPlist.strings in Resources */ = {isa = PBXBuildFile; fileRef = 794669D26CE74D86ACD2D33D /* InfoPlist.strings */; };
		57FD1DB5C42441E8B17C7DF8 /* InfoPlist.strings in Resources */ = {isa = PBXBuildFile; fileRef = E68B301C920A428F94E565B0 /* InfoPlist.strings */; };
		62F3405E7CFC30044DB40313 /* ExpoModulesProvider.swift in Sources */ = {isa = PBXBuildFile; fileRef = 44A22A68E4A70CD5755414A0 /* ExpoModulesProvider.swift */; };
		6502BBF325ED4A6EA55C6876 /* InfoPlist.strings in Resources */ = {isa = PBXBuildFile; fileRef = FF9B095EC3214EEE87781D6C /* InfoPlist.strings */; };
		6C82E8AB7C324F589145B283 /* InfoPlist.strings in Resources */ = {isa = PBXBuildFile; fileRef = D8D038CB892B4B67AEAE5151 /* InfoPlist.strings */; };
		70C591D14DB0466CA0AC8B73 /* InfoPlist.strings in Resources */ = {isa = PBXBuildFile; fileRef = 79FD9D7D274D4FB484E68364 /* InfoPlist.strings */; };
		74F3207B4F7F4EC7AE15F471 /* InfoPlist.strings in Resources */ = {isa = PBXBuildFile; fileRef = 19D19F9FE0CD4910919198E4 /* InfoPlist.strings */; };
		76F63A84392D465BA5821594 /* InfoPlist.strings in Resources */ = {isa = PBXBuildFile; fileRef = 4CF218EFF82D47F1A2B1B273 /* InfoPlist.strings */; };
		7DB31408A333F451F316EA54 /* PrivacyInfo.xcprivacy in Resources */ = {isa = PBXBuildFile; fileRef = 39DC517A0659FBAFB6C44FDE /* PrivacyInfo.xcprivacy */; };
		909D1599284745C0882AF40B /* InfoPlist.strings in Resources */ = {isa = PBXBuildFile; fileRef = FCD9E999071C472CB2BDDFB7 /* InfoPlist.strings */; };
		BB2F792D24A3F905000567C9 /* Expo.plist in Resources */ = {isa = PBXBuildFile; fileRef = BB2F792C24A3F905000567C9 /* Expo.plist */; };
		C5AE7932D89F4A76B2352E0F /* InfoPlist.strings in Resources */ = {isa = PBXBuildFile; fileRef = 50441815E1F4488D966CF33D /* InfoPlist.strings */; };
		C826C8F71476429C969FB056 /* InfoPlist.strings in Resources */ = {isa = PBXBuildFile; fileRef = 4AFDDC1DE20D4DB0B04F832C /* InfoPlist.strings */; };
		CC800E0B308E05980FF07CF8 /* libPods-RunWithAI.a in Frameworks */ = {isa = PBXBuildFile; fileRef = 2FFD0584B492186D81F75E2B /* libPods-RunWithAI.a */; };
		D1E25EA25F874B5883490AAF /* InfoPlist.strings in Resources */ = {isa = PBXBuildFile; fileRef = 807C4D56DF3C421E92058E08 /* InfoPlist.strings */; };
		DC01BB5E2FB25BA50091368E /* HealthKit.framework in Frameworks */ = {isa = PBXBuildFile; fileRef = DC01BB5D2FB25BA50091368E /* HealthKit.framework */; };
		DC0ED84B2FF3D02200BDEAD9 /* BackgroundLocationModule.swift in Sources */ = {isa = PBXBuildFile; fileRef = DC0ED84A2FF3D02200BDEAD9 /* BackgroundLocationModule.swift */; };
		DC0ED84C2FF3D02200BDEAD9 /* BackgroundLocationModule.m in Sources */ = {isa = PBXBuildFile; fileRef = DC0ED8492FF3D02200BDEAD9 /* BackgroundLocationModule.m */; };
		DC8970322FE1E76500701113 /* LiveActivityModule.m in Sources */ = {isa = PBXBuildFile; fileRef = DC8970302FE1E76500701113 /* LiveActivityModule.m */; };
		DC8970332FE1E76500701113 /* LiveActivityModule.swift in Sources */ = {isa = PBXBuildFile; fileRef = DC8970312FE1E76500701113 /* LiveActivityModule.swift */; };
		DC89703A2FE1E8ED00701113 /* WidgetKit.framework in Frameworks */ = {isa = PBXBuildFile; fileRef = DC8970392FE1E8ED00701113 /* WidgetKit.framework */; };
		DC89703C2FE1E8ED00701113 /* SwiftUI.framework in Frameworks */ = {isa = PBXBuildFile; fileRef = DC89703B2FE1E8ED00701113 /* SwiftUI.framework */; };
		DC8970492FE1E8EE00701113 /* RunWithAILiveActivityExtension.appex in Embed Foundation Extensions */ = {isa = PBXBuildFile; fileRef = DC8970382FE1E8ED00701113 /* RunWithAILiveActivityExtension.appex */; settings = {ATTRIBUTES = (RemoveHeadersOnCopy, ); }; };
		DC9D98A32F980466006AA004 /* watchkitapp Watch App.app in Embed Watch Content */ = {isa = PBXBuildFile; fileRef = DCCFA0BC2F97F3BB0043FC45 /* watchkitapp Watch App.app */; settings = {ATTRIBUTES = (RemoveHeadersOnCopy, ); }; };
		E729E15794BC46678CDBFD49 /* InfoPlist.strings in Resources */ = {isa = PBXBuildFile; fileRef = BEA55E973C7641D2A51D5CF3 /* InfoPlist.strings */; };
		EA9C0B3BE173443BAC6C20CC /* InfoPlist.strings in Resources */ = {isa = PBXBuildFile; fileRef = 54B5621D31CE4C07ACE71C65 /* InfoPlist.strings */; };
		EEC9EA05F6F5414AA1AFDF83 /* InfoPlist.strings in Resources */ = {isa = PBXBuildFile; fileRef = F96F1AA176434430BAB873C8 /* InfoPlist.strings */; };
		F1174802301A00000001C0D0 /* RCTWatchConnectivity.mm in Sources */ = {isa = PBXBuildFile; fileRef = F1174801301A00000001C0D0 /* RCTWatchConnectivity.mm */; };
		F11748422D0307B40044C1D9 /* AppDelegate.swift in Sources */ = {isa = PBXBuildFile; fileRef = F11748412D0307B40044C1D9 /* AppDelegate.swift */; };
/* End PBXBuildFile section */

/* Begin PBXContainerItemProxy section */
		DC8970472FE1E8EE00701113 /* PBXContainerItemProxy */ = {
			isa = PBXContainerItemProxy;
			containerPortal = 83CBB9F71A601CBA00E9B192 /* Project object */;
			proxyType = 1;
			remoteGlobalIDString = DC8970372FE1E8ED00701113;
			remoteInfo = RunWithAILiveActivityExtension;
		};
		DC9D98A42F980466006AA004 /* PBXContainerItemProxy */ = {
			isa = PBXContainerItemProxy;
			containerPortal = 83CBB9F71A601CBA00E9B192 /* Project object */;
			proxyType = 1;
			remoteGlobalIDString = DCCFA0BB2F97F3BB0043FC45;
			remoteInfo = "watchkitapp Watch App";
		};
		DC9D98A72F980493006AA004 /* PBXContainerItemProxy */ = {
			isa = PBXContainerItemProxy;
			containerPortal = 83CBB9F71A601CBA00E9B192 /* Project object */;
			proxyType = 1;
			remoteGlobalIDString = DCCFA0BB2F97F3BB0043FC45;
			remoteInfo = "watchkitapp Watch App";
		};
		DC9D98A92F9804E2006AA004 /* PBXContainerItemProxy */ = {
			isa = PBXContainerItemProxy;
			containerPortal = 83CBB9F71A601CBA00E9B192 /* Project object */;
			proxyType = 1;
			remoteGlobalIDString = DCCFA0BB2F97F3BB0043FC45;
			remoteInfo = "watchkitapp Watch App";
		};
		DCCFA0CC2F97F3BE0043FC45 /* PBXContainerItemProxy */ = {
			isa = PBXContainerItemProxy;
			containerPortal = 83CBB9F71A601CBA00E9B192 /* Project object */;
			proxyType = 1;
			remoteGlobalIDString = DCCFA0BB2F97F3BB0043FC45;
			remoteInfo = "watchkitapp Watch App";
		};
		DCCFA0D62F97F3BE0043FC45 /* PBXContainerItemProxy */ = {
			isa = PBXContainerItemProxy;
			containerPortal = 83CBB9F71A601CBA00E9B192 /* Project object */;
			proxyType = 1;
			remoteGlobalIDString = DCCFA0BB2F97F3BB0043FC45;
			remoteInfo = "watchkitapp Watch App";
		};
/* End PBXContainerItemProxy section */

/* Begin PBXCopyFilesBuildPhase section */
		DC89704E2FE1E8EE00701113 /* Embed Foundation Extensions */ = {
			isa = PBXCopyFilesBuildPhase;
			buildActionMask = 2147483647;
			dstPath = "";
			dstSubfolderSpec = 13;
			files = (
				DC8970492FE1E8EE00701113 /* RunWithAILiveActivityExtension.appex in Embed Foundation Extensions */,
			);
			name = "Embed Foundation Extensions";
			runOnlyForDeploymentPostprocessing = 0;
		};
		DC9D98A62F980466006AA004 /* Embed Watch Content */ = {
			isa = PBXCopyFilesBuildPhase;
			buildActionMask = 2147483647;
			dstPath = "$(CONTENTS_FOLDER_PATH)/Watch";
			dstSubfolderSpec = 16;
			files = (
				DC9D98A32F980466006AA004 /* watchkitapp Watch App.app in Embed Watch Content */,
			);
			name = "Embed Watch Content";
			runOnlyForDeploymentPostprocessing = 0;
		};
/* End PBXCopyFilesBuildPhase section */

/* Begin PBXFileReference section */
		0BCE7CCA64EC40699D765100 /* InfoPlist.strings */ = {isa = PBXFileReference; explicitFileType = undefined; fileEncoding = 4; includeInIndex = 0; lastKnownFileType = text.plist.strings; name = InfoPlist.strings; path = cs.lproj/InfoPlist.strings; sourceTree = "<group>"; };
		0E9939309A2A4E5C80A17A79 /* InfoPlist.strings */ = {isa = PBXFileReference; explicitFileType = undefined; fileEncoding = 4; includeInIndex = 0; lastKnownFileType = text.plist.strings; name = InfoPlist.strings; path = es.lproj/InfoPlist.strings; sourceTree = "<group>"; };
		13B07F961A680F5B00A75B9A /* RunWithAI.app */ = {isa = PBXFileReference; explicitFileType = wrapper.application; includeInIndex = 0; path = RunWithAI.app; sourceTree = BUILT_PRODUCTS_DIR; };
		13B07FB51A68108700A75B9A /* Images.xcassets */ = {isa = PBXFileReference; lastKnownFileType = folder.assetcatalog; name = Images.xcassets; path = RunWithAI/Images.xcassets; sourceTree = "<group>"; };
		13B07FB61A68108700A75B9A /* Info.plist */ = {isa = PBXFileReference; fileEncoding = 4; lastKnownFileType = text.plist.xml; name = Info.plist; path = RunWithAI/Info.plist; sourceTree = "<group>"; };
		19D19F9FE0CD4910919198E4 /* InfoPlist.strings */ = {isa = PBXFileReference; explicitFileType = undefined; fileEncoding = 4; includeInIndex = 0; lastKnownFileType = text.plist.strings; name = InfoPlist.strings; path = fi.lproj/InfoPlist.strings; sourceTree = "<group>"; };
		2FFD0584B492186D81F75E2B /* libPods-RunWithAI.a */ = {isa = PBXFileReference; explicitFileType = archive.ar; includeInIndex = 0; path = "libPods-RunWithAI.a"; sourceTree = BUILT_PRODUCTS_DIR; };
		39DC517A0659FBAFB6C44FDE /* PrivacyInfo.xcprivacy */ = {isa = PBXFileReference; includeInIndex = 1; lastKnownFileType = text.xml; name = PrivacyInfo.xcprivacy; path = RunWithAI/PrivacyInfo.xcprivacy; sourceTree = "<group>"; };
		3E0825B7513E6EDDFFED139C /* Pods-RunWithAI.release.xcconfig */ = {isa = PBXFileReference; includeInIndex = 1; lastKnownFileType = text.xcconfig; name = "Pods-RunWithAI.release.xcconfig"; path = "Target Support Files/Pods-RunWithAI/Pods-RunWithAI.release.xcconfig"; sourceTree = "<group>"; };
		43E8103DF9CA43F184C19530 /* InfoPlist.strings */ = {isa = PBXFileReference; explicitFileType = undefined; fileEncoding = 4; includeInIndex = 0; lastKnownFileType = text.plist.strings; name = InfoPlist.strings; path = et.lproj/InfoPlist.strings; sourceTree = "<group>"; };
		44A22A68E4A70CD5755414A0 /* ExpoModulesProvider.swift */ = {isa = PBXFileReference; includeInIndex = 1; lastKnownFileType = sourcecode.swift; name = ExpoModulesProvider.swift; path = "Pods/Target Support Files/Pods-RunWithAI/ExpoModulesProvider.swift"; sourceTree = "<group>"; };
		481B1D112F88448F99E4F069 /* InfoPlist.strings */ = {isa = PBXFileReference; explicitFileType = undefined; fileEncoding = 4; includeInIndex = 0; lastKnownFileType = text.plist.strings; name = InfoPlist.strings; path = ro.lproj/InfoPlist.strings; sourceTree = "<group>"; };
		4AFDDC1DE20D4DB0B04F832C /* InfoPlist.strings */ = {isa = PBXFileReference; explicitFileType = undefined; fileEncoding = 4; includeInIndex = 0; lastKnownFileType = text.plist.strings; name = InfoPlist.strings; path = mt.lproj/InfoPlist.strings; sourceTree = "<group>"; };
		4CF218EFF82D47F1A2B1B273 /* InfoPlist.strings */ = {isa = PBXFileReference; explicitFileType = undefined; fileEncoding = 4; includeInIndex = 0; lastKnownFileType = text.plist.strings; name = InfoPlist.strings; path = sv.lproj/InfoPlist.strings; sourceTree = "<group>"; };
		50441815E1F4488D966CF33D /* InfoPlist.strings */ = {isa = PBXFileReference; explicitFileType = undefined; fileEncoding = 4; includeInIndex = 0; lastKnownFileType = text.plist.strings; name = InfoPlist.strings; path = it.lproj/InfoPlist.strings; sourceTree = "<group>"; };
		54B5621D31CE4C07ACE71C65 /* InfoPlist.strings */ = {isa = PBXFileReference; explicitFileType = undefined; fileEncoding = 4; includeInIndex = 0; lastKnownFileType = text.plist.strings; name = InfoPlist.strings; path = lt.lproj/InfoPlist.strings; sourceTree = "<group>"; };
		64D54E852CB848E78D1A23F6 /* InfoPlist.strings */ = {isa = PBXFileReference; explicitFileType = undefined; fileEncoding = 4; includeInIndex = 0; lastKnownFileType = text.plist.strings; name = InfoPlist.strings; path = pt.lproj/InfoPlist.strings; sourceTree = "<group>"; };
		6F1547E478C34A45A67B96D8 /* InfoPlist.strings */ = {isa = PBXFileReference; explicitFileType = undefined; fileEncoding = 4; includeInIndex = 0; lastKnownFileType = text.plist.strings; name = InfoPlist.strings; path = bg.lproj/InfoPlist.strings; sourceTree = "<group>"; };
		728634AA73ED4E01947AA986 /* InfoPlist.strings */ = {isa = PBXFileReference; explicitFileType = undefined; fileEncoding = 4; includeInIndex = 0; lastKnownFileType = text.plist.strings; name = InfoPlist.strings; path = da.lproj/InfoPlist.strings; sourceTree = "<group>"; };
		794669D26CE74D86ACD2D33D /* InfoPlist.strings */ = {isa = PBXFileReference; explicitFileType = undefined; fileEncoding = 4; includeInIndex = 0; lastKnownFileType = text.plist.strings; name = InfoPlist.strings; path = sk.lproj/InfoPlist.strings; sourceTree = "<group>"; };
		79FD9D7D274D4FB484E68364 /* InfoPlist.strings */ = {isa = PBXFileReference; explicitFileType = undefined; fileEncoding = 4; includeInIndex = 0; lastKnownFileType = text.plist.strings; name = InfoPlist.strings; path = de.lproj/InfoPlist.strings; sourceTree = "<group>"; };
		807C4D56DF3C421E92058E08 /* InfoPlist.strings */ = {isa = PBXFileReference; explicitFileType = undefined; fileEncoding = 4; includeInIndex = 0; lastKnownFileType = text.plist.strings; name = InfoPlist.strings; path = fr.lproj/InfoPlist.strings; sourceTree = "<group>"; };
		8CED72D37BDC47278F49941A /* InfoPlist.strings */ = {isa = PBXFileReference; explicitFileType = undefined; fileEncoding = 4; includeInIndex = 0; lastKnownFileType = text.plist.strings; name = InfoPlist.strings; path = hr.lproj/InfoPlist.strings; sourceTree = "<group>"; };
		A191B932EEF2A7755780BD1C /* Pods-RunWithAI.debug.xcconfig */ = {isa = PBXFileReference; includeInIndex = 1; lastKnownFileType = text.xcconfig; name = "Pods-RunWithAI.debug.xcconfig"; path = "Target Support Files/Pods-RunWithAI/Pods-RunWithAI.debug.xcconfig"; sourceTree = "<group>"; };
		AA286B85B6C04FC6940260E9 /* SplashScreen.storyboard */ = {isa = PBXFileReference; fileEncoding = 4; lastKnownFileType = file.storyboard; name = SplashScreen.storyboard; path = RunWithAI/SplashScreen.storyboard; sourceTree = "<group>"; };
		ABB21578932D43ADBDE3286E /* InfoPlist.strings */ = {isa = PBXFileReference; explicitFileType = undefined; fileEncoding = 4; includeInIndex = 0; lastKnownFileType = text.plist.strings; name = InfoPlist.strings; path = hu.lproj/InfoPlist.strings; sourceTree = "<group>"; };
		BB2F792C24A3F905000567C9 /* Expo.plist */ = {isa = PBXFileReference; fileEncoding = 4; lastKnownFileType = text.plist.xml; path = Expo.plist; sourceTree = "<group>"; };
		BEA55E973C7641D2A51D5CF3 /* InfoPlist.strings */ = {isa = PBXFileReference; explicitFileType = undefined; fileEncoding = 4; includeInIndex = 0; lastKnownFileType = text.plist.strings; name = InfoPlist.strings; path = nl.lproj/InfoPlist.strings; sourceTree = "<group>"; };
		D8D038CB892B4B67AEAE5151 /* InfoPlist.strings */ = {isa = PBXFileReference; explicitFileType = undefined; fileEncoding = 4; includeInIndex = 0; lastKnownFileType = text.plist.strings; name = InfoPlist.strings; path = el.lproj/InfoPlist.strings; sourceTree = "<group>"; };
		DC01BB5D2FB25BA50091368E /* HealthKit.framework */ = {isa = PBXFileReference; lastKnownFileType = wrapper.framework; name = HealthKit.framework; path = System/Library/Frameworks/HealthKit.framework; sourceTree = SDKROOT; };
		DC0ED8492FF3D02200BDEAD9 /* BackgroundLocationModule.m */ = {isa = PBXFileReference; lastKnownFileType = sourcecode.c.objc; path = BackgroundLocationModule.m; sourceTree = "<group>"; };
		DC0ED84A2FF3D02200BDEAD9 /* BackgroundLocationModule.swift */ = {isa = PBXFileReference; lastKnownFileType = sourcecode.swift; path = BackgroundLocationModule.swift; sourceTree = "<group>"; };
		DC8970302FE1E76500701113 /* LiveActivityModule.m */ = {isa = PBXFileReference; lastKnownFileType = sourcecode.c.objc; path = LiveActivityModule.m; sourceTree = "<group>"; };
		DC8970312FE1E76500701113 /* LiveActivityModule.swift */ = {isa = PBXFileReference; lastKnownFileType = sourcecode.swift; path = LiveActivityModule.swift; sourceTree = "<group>"; };
		DC8970382FE1E8ED00701113 /* RunWithAILiveActivityExtension.appex */ = {isa = PBXFileReference; explicitFileType = "wrapper.app-extension"; includeInIndex = 0; path = RunWithAILiveActivityExtension.appex; sourceTree = BUILT_PRODUCTS_DIR; };
		DC8970392FE1E8ED00701113 /* WidgetKit.framework */ = {isa = PBXFileReference; lastKnownFileType = wrapper.framework; name = WidgetKit.framework; path = System/Library/Frameworks/WidgetKit.framework; sourceTree = SDKROOT; };
		DC89703B2FE1E8ED00701113 /* SwiftUI.framework */ = {isa = PBXFileReference; lastKnownFileType = wrapper.framework; name = SwiftUI.framework; path = System/Library/Frameworks/SwiftUI.framework; sourceTree = SDKROOT; };
		DCCFA0BC2F97F3BB0043FC45 /* watchkitapp Watch App.app */ = {isa = PBXFileReference; explicitFileType = wrapper.application; includeInIndex = 0; path = "watchkitapp Watch App.app"; sourceTree = BUILT_PRODUCTS_DIR; };
		DCCFA0CB2F97F3BE0043FC45 /* watchkitapp Watch AppTests.xctest */ = {isa = PBXFileReference; explicitFileType = wrapper.cfbundle; includeInIndex = 0; path = "watchkitapp Watch AppTests.xctest"; sourceTree = BUILT_PRODUCTS_DIR; };
		DCCFA0D52F97F3BE0043FC45 /* watchkitapp Watch AppUITests.xctest */ = {isa = PBXFileReference; explicitFileType = wrapper.cfbundle; includeInIndex = 0; path = "watchkitapp Watch AppUITests.xctest"; sourceTree = BUILT_PRODUCTS_DIR; };
		E68B301C920A428F94E565B0 /* InfoPlist.strings */ = {isa = PBXFileReference; explicitFileType = undefined; fileEncoding = 4; includeInIndex = 0; lastKnownFileType = text.plist.strings; name = InfoPlist.strings; path = pl.lproj/InfoPlist.strings; sourceTree = "<group>"; };
		ED070680E6954067BB184248 /* InfoPlist.strings */ = {isa = PBXFileReference; explicitFileType = undefined; fileEncoding = 4; includeInIndex = 0; lastKnownFileType = text.plist.strings; name = InfoPlist.strings; path = en.lproj/InfoPlist.strings; sourceTree = "<group>"; };
		ED297162215061F000B7C4FE /* JavaScriptCore.framework */ = {isa = PBXFileReference; lastKnownFileType = wrapper.framework; name = JavaScriptCore.framework; path = System/Library/Frameworks/JavaScriptCore.framework; sourceTree = SDKROOT; };
		F1174801301A00000001C0D0 /* RCTWatchConnectivity.mm */ = {isa = PBXFileReference; lastKnownFileType = sourcecode.cpp.objcpp; path = RCTWatchConnectivity.mm; sourceTree = "<group>"; };
		F1174801301A00000002C0D0 /* RCTWatchConnectivity.h */ = {isa = PBXFileReference; lastKnownFileType = sourcecode.c.h; path = RCTWatchConnectivity.h; sourceTree = "<group>"; };
		F11748412D0307B40044C1D9 /* AppDelegate.swift */ = {isa = PBXFileReference; lastKnownFileType = sourcecode.swift; name = AppDelegate.swift; path = RunWithAI/AppDelegate.swift; sourceTree = "<group>"; };
		F11748442D0722820044C1D9 /* RunWithAI-Bridging-Header.h */ = {isa = PBXFileReference; lastKnownFileType = sourcecode.c.h; name = "RunWithAI-Bridging-Header.h"; path = "RunWithAI/RunWithAI-Bridging-Header.h"; sourceTree = "<group>"; };
		F96F1AA176434430BAB873C8 /* InfoPlist.strings */ = {isa = PBXFileReference; explicitFileType = undefined; fileEncoding = 4; includeInIndex = 0; lastKnownFileType = text.plist.strings; name = InfoPlist.strings; path = sl.lproj/InfoPlist.strings; sourceTree = "<group>"; };
		FCD9E999071C472CB2BDDFB7 /* InfoPlist.strings */ = {isa = PBXFileReference; explicitFileType = undefined; fileEncoding = 4; includeInIndex = 0; lastKnownFileType = text.plist.strings; name = InfoPlist.strings; path = lv.lproj/InfoPlist.strings; sourceTree = "<group>"; };
		FF9B095EC3214EEE87781D6C /* InfoPlist.strings */ = {isa = PBXFileReference; explicitFileType = undefined; fileEncoding = 4; includeInIndex = 0; lastKnownFileType = text.plist.strings; name = InfoPlist.strings; path = ga.lproj/InfoPlist.strings; sourceTree = "<group>"; };
/* End PBXFileReference section */

/* Begin PBXFileSystemSynchronizedBuildFileExceptionSet section */
		DC89704A2FE1E8EE00701113 /* PBXFileSystemSynchronizedBuildFileExceptionSet */ = {
			isa = PBXFileSystemSynchronizedBuildFileExceptionSet;
			membershipExceptions = (
				Info.plist,
			);
			target = DC8970372FE1E8ED00701113 /* RunWithAILiveActivityExtension */;
		};
/* End PBXFileSystemSynchronizedBuildFileExceptionSet section */

/* Begin PBXFileSystemSynchronizedRootGroup section */
		DC89703D2FE1E8ED00701113 /* RunWithAILiveActivity */ = {isa = PBXFileSystemSynchronizedRootGroup; exceptions = (DC89704A2FE1E8EE00701113 /* PBXFileSystemSynchronizedBuildFileExceptionSet */, ); explicitFileTypes = {}; explicitFolders = (); path = RunWithAILiveActivity; sourceTree = "<group>"; };
		DCCFA0BD2F97F3BB0043FC45 /* watchkitapp Watch App */ = {isa = PBXFileSystemSynchronizedRootGroup; explicitFileTypes = {}; explicitFolders = (); path = "watchkitapp Watch App"; sourceTree = "<group>"; };
		DCCFA0CE2F97F3BE0043FC45 /* watchkitapp Watch AppTests */ = {isa = PBXFileSystemSynchronizedRootGroup; explicitFileTypes = {}; explicitFolders = (); path = "watchkitapp Watch AppTests"; sourceTree = "<group>"; };
		DCCFA0D82F97F3BE0043FC45 /* watchkitapp Watch AppUITests */ = {isa = PBXFileSystemSynchronizedRootGroup; explicitFileTypes = {}; explicitFolders = (); path = "watchkitapp Watch AppUITests"; sourceTree = "<group>"; };
/* End PBXFileSystemSynchronizedRootGroup section */

/* Begin PBXFrameworksBuildPhase section */
		13B07F8C1A680F5B00A75B9A /* Frameworks */ = {
			isa = PBXFrameworksBuildPhase;
			buildActionMask = 2147483647;
			files = (
				DC01BB5E2FB25BA50091368E /* HealthKit.framework in Frameworks */,
				CC800E0B308E05980FF07CF8 /* libPods-RunWithAI.a in Frameworks */,
			);
			runOnlyForDeploymentPostprocessing = 0;
		};
		DC8970352FE1E8ED00701113 /* Frameworks */ = {
			isa = PBXFrameworksBuildPhase;
			buildActionMask = 2147483647;
			files = (
				DC89703C2FE1E8ED00701113 /* SwiftUI.framework in Frameworks */,
				DC89703A2FE1E8ED00701113 /* WidgetKit.framework in Frameworks */,
			);
			runOnlyForDeploymentPostprocessing = 0;
		};
		DCCFA0B92F97F3BB0043FC45 /* Frameworks */ = {
			isa = PBXFrameworksBuildPhase;
			buildActionMask = 2147483647;
			files = (
			);
			runOnlyForDeploymentPostprocessing = 0;
		};
		DCCFA0C82F97F3BE0043FC45 /* Frameworks */ = {
			isa = PBXFrameworksBuildPhase;
			buildActionMask = 2147483647;
			files = (
			);
			runOnlyForDeploymentPostprocessing = 0;
		};
		DCCFA0D22F97F3BE0043FC45 /* Frameworks */ = {
			isa = PBXFrameworksBuildPhase;
			buildActionMask = 2147483647;
			files = (
			);
			runOnlyForDeploymentPostprocessing = 0;
		};
/* End PBXFrameworksBuildPhase section */

/* Begin PBXGroup section */
		0CA6CEAA8C964730ADF44FCE /* ga.lproj */ = {
			isa = PBXGroup;
			children = (
				FF9B095EC3214EEE87781D6C /* InfoPlist.strings */,
			);
			name = ga.lproj;
			sourceTree = "<group>";
		};
		13B07FAE1A68108700A75B9A /* RunWithAI */ = {
			isa = PBXGroup;
			children = (
				DC0ED8492FF3D02200BDEAD9 /* BackgroundLocationModule.m */,
				DC0ED84A2FF3D02200BDEAD9 /* BackgroundLocationModule.swift */,
				DC8970302FE1E76500701113 /* LiveActivityModule.m */,
				DC8970312FE1E76500701113 /* LiveActivityModule.swift */,
				F11748412D0307B40044C1D9 /* AppDelegate.swift */,
				F1174801301A00000001C0D0 /* RCTWatchConnectivity.mm */,
				F1174801301A00000002C0D0 /* RCTWatchConnectivity.h */,
				F11748442D0722820044C1D9 /* RunWithAI-Bridging-Header.h */,
				BB2F792B24A3F905000567C9 /* Supporting */,
				13B07FB51A68108700A75B9A /* Images.xcassets */,
				13B07FB61A68108700A75B9A /* Info.plist */,
				AA286B85B6C04FC6940260E9 /* SplashScreen.storyboard */,
				39DC517A0659FBAFB6C44FDE /* PrivacyInfo.xcprivacy */,
			);
			name = RunWithAI;
			sourceTree = "<group>";
		};
		25018F60B53B5BCBA5D51E2F /* RunWithAI */ = {
			isa = PBXGroup;
			children = (
				44A22A68E4A70CD5755414A0 /* ExpoModulesProvider.swift */,
			);
			name = RunWithAI;
			sourceTree = "<group>";
		};
		2C404F13A9554AE8A6CA50A0 /* es.lproj */ = {
			isa = PBXGroup;
			children = (
				0E9939309A2A4E5C80A17A79 /* InfoPlist.strings */,
			);
			name = es.lproj;
			sourceTree = "<group>";
		};
		2D16E6871FA4F8E400B85C8A /* Frameworks */ = {
			isa = PBXGroup;
			children = (
				DC01BB5D2FB25BA50091368E /* HealthKit.framework */,
				ED297162215061F000B7C4FE /* JavaScriptCore.framework */,
				2FFD0584B492186D81F75E2B /* libPods-RunWithAI.a */,
				DC8970392FE1E8ED00701113 /* WidgetKit.framework */,
				DC89703B2FE1E8ED00701113 /* SwiftUI.framework */,
			);
			name = Frameworks;
			sourceTree = "<group>";
		};
		386B92C7BA94440B9C375482 /* et.lproj */ = {
			isa = PBXGroup;
			children = (
				43E8103DF9CA43F184C19530 /* InfoPlist.strings */,
			);
			name = et.lproj;
			sourceTree = "<group>";
		};
		39814466F8AD41FA8DB2371D /* en.lproj */ = {
			isa = PBXGroup;
			children = (
				ED070680E6954067BB184248 /* InfoPlist.strings */,
			);
			name = en.lproj;
			sourceTree = "<group>";
		};
		426FEBFDA5BC41A38C96E35C /* sv.lproj */ = {
			isa = PBXGroup;
			children = (
				4CF218EFF82D47F1A2B1B273 /* InfoPlist.strings */,
			);
			name = sv.lproj;
			sourceTree = "<group>";
		};
		4ED96DCBA4204F7091B9E5BA /* sl.lproj */ = {
			isa = PBXGroup;
			children = (
				F96F1AA176434430BAB873C8 /* InfoPlist.strings */,
			);
			name = sl.lproj;
			sourceTree = "<group>";
		};
		5BA7A40D79B244ECACA3C0A9 /* hr.lproj */ = {
			isa = PBXGroup;
			children = (
				8CED72D37BDC47278F49941A /* InfoPlist.strings */,
			);
			name = hr.lproj;
			sourceTree = "<group>";
		};
		5DAA6A6D9BAB4E50B1535AF2 /* mt.lproj */ = {
			isa = PBXGroup;
			children = (
				4AFDDC1DE20D4DB0B04F832C /* InfoPlist.strings */,
			);
			name = mt.lproj;
			sourceTree = "<group>";
		};
		61BEA2057F534D168B5A79E6 /* lt.lproj */ = {
			isa = PBXGroup;
			children = (
				54B5621D31CE4C07ACE71C65 /* InfoPlist.strings */,
			);
			name = lt.lproj;
			sourceTree = "<group>";
		};
		7D0A30409B0F4F40B7DA7443 /* nl.lproj */ = {
			isa = PBXGroup;
			children = (
				BEA55E973C7641D2A51D5CF3 /* InfoPlist.strings */,
			);
			name = nl.lproj;
			sourceTree = "<group>";
		};
		832341AE1AAA6A7D00B99B32 /* Libraries */ = {
			isa = PBXGroup;
			children = (
			);
			name = Libraries;
			sourceTree = "<group>";
		};
		83CBB9F61A601CBA00E9B192 = {
			isa = PBXGroup;
			children = (
				13B07FAE1A68108700A75B9A /* RunWithAI */,
				832341AE1AAA6A7D00B99B32 /* Libraries */,
				DCCFA0BD2F97F3BB0043FC45 /* watchkitapp Watch App */,
				DCCFA0CE2F97F3BE0043FC45 /* watchkitapp Watch AppTests */,
				DCCFA0D82F97F3BE0043FC45 /* watchkitapp Watch AppUITests */,
				DC89703D2FE1E8ED00701113 /* RunWithAILiveActivity */,
				83CBBA001A601CBA00E9B192 /* Products */,
				2D16E6871FA4F8E400B85C8A /* Frameworks */,
				9351B13FB6123A84879F2F0B /* Pods */,
				F81866AAC194D6501AEDCDCD /* ExpoModulesProviders */,
			);
			indentWidth = 2;
			sourceTree = "<group>";
			tabWidth = 2;
			usesTabs = 0;
		};
		83CBBA001A601CBA00E9B192 /* Products */ = {
			isa = PBXGroup;
			children = (
				13B07F961A680F5B00A75B9A /* RunWithAI.app */,
				DCCFA0BC2F97F3BB0043FC45 /* watchkitapp Watch App.app */,
				DCCFA0CB2F97F3BE0043FC45 /* watchkitapp Watch AppTests.xctest */,
				DCCFA0D52F97F3BE0043FC45 /* watchkitapp Watch AppUITests.xctest */,
				DC8970382FE1E8ED00701113 /* RunWithAILiveActivityExtension.appex */,
			);
			name = Products;
			sourceTree = "<group>";
		};
		85D8B8F54D2C4536B4C4B4D8 /* it.lproj */ = {
			isa = PBXGroup;
			children = (
				50441815E1F4488D966CF33D /* InfoPlist.strings */,
			);
			name = it.lproj;
			sourceTree = "<group>";
		};
		8D183B1857CF411EBE83019A /* lv.lproj */ = {
			isa = PBXGroup;
			children = (
				FCD9E999071C472CB2BDDFB7 /* InfoPlist.strings */,
			);
			name = lv.lproj;
			sourceTree = "<group>";
		};
		9351B13FB6123A84879F2F0B /* Pods */ = {
			isa = PBXGroup;
			children = (
				A191B932EEF2A7755780BD1C /* Pods-RunWithAI.debug.xcconfig */,
				3E0825B7513E6EDDFFED139C /* Pods-RunWithAI.release.xcconfig */,
			);
			path = Pods;
			sourceTree = "<group>";
		};
		9CA59A9C51DD421CAA95F652 /* ro.lproj */ = {
			isa = PBXGroup;
			children = (
				481B1D112F88448F99E4F069 /* InfoPlist.strings */,
			);
			name = ro.lproj;
			sourceTree = "<group>";
		};
		9CA9BF1AAAD944B586699BBB /* da.lproj */ = {
			isa = PBXGroup;
			children = (
				728634AA73ED4E01947AA986 /* InfoPlist.strings */,
			);
			name = da.lproj;
			sourceTree = "<group>";
		};
		A69F68486DF04715BB5BD51F /* el.lproj */ = {
			isa = PBXGroup;
			children = (
				D8D038CB892B4B67AEAE5151 /* InfoPlist.strings */,
			);
			name = el.lproj;
			sourceTree = "<group>";
		};
		AE9D6064D18C4B2F8FB8CECD /* hu.lproj */ = {
			isa = PBXGroup;
			children = (
				ABB21578932D43ADBDE3286E /* InfoPlist.strings */,
			);
			name = hu.lproj;
			sourceTree = "<group>";
		};
		B9E13BDEB7D64B21AF4448BC /* sk.lproj */ = {
			isa = PBXGroup;
			children = (
				794669D26CE74D86ACD2D33D /* InfoPlist.strings */,
			);
			name = sk.lproj;
			sourceTree = "<group>";
		};
		BB2F792B24A3F905000567C9 /* Supporting */ = {
			isa = PBXGroup;
			children = (
				BB2F792C24A3F905000567C9 /* Expo.plist */,
				9CA9BF1AAAD944B586699BBB /* da.lproj */,
				39814466F8AD41FA8DB2371D /* en.lproj */,
				FCFAE2AE964D4AEA9BD0F27E /* de.lproj */,
				D027EF5B0C564DA8865A372A /* fr.lproj */,
				2C404F13A9554AE8A6CA50A0 /* es.lproj */,
				85D8B8F54D2C4536B4C4B4D8 /* it.lproj */,
				E8987FECBDB949E3B301D89A /* pt.lproj */,
				7D0A30409B0F4F40B7DA7443 /* nl.lproj */,
				D3ADF9CCB7FB4D7CA0812430 /* pl.lproj */,
				426FEBFDA5BC41A38C96E35C /* sv.lproj */,
				FA05642D787846DD8AE5573B /* fi.lproj */,
				A69F68486DF04715BB5BD51F /* el.lproj */,
				FFE875D855594121A3E8ED78 /* cs.lproj */,
				9CA59A9C51DD421CAA95F652 /* ro.lproj */,
				AE9D6064D18C4B2F8FB8CECD /* hu.lproj */,
				EB1BEA34805A4134B4BB5EF3 /* bg.lproj */,
				5BA7A40D79B244ECACA3C0A9 /* hr.lproj */,
				B9E13BDEB7D64B21AF4448BC /* sk.lproj */,
				4ED96DCBA4204F7091B9E5BA /* sl.lproj */,
				61BEA2057F534D168B5A79E6 /* lt.lproj */,
				8D183B1857CF411EBE83019A /* lv.lproj */,
				386B92C7BA94440B9C375482 /* et.lproj */,
				0CA6CEAA8C964730ADF44FCE /* ga.lproj */,
				5DAA6A6D9BAB4E50B1535AF2 /* mt.lproj */,
			);
			name = Supporting;
			path = RunWithAI/Supporting;
			sourceTree = "<group>";
		};
		D027EF5B0C564DA8865A372A /* fr.lproj */ = {
			isa = PBXGroup;
			children = (
				807C4D56DF3C421E92058E08 /* InfoPlist.strings */,
			);
			name = fr.lproj;
			sourceTree = "<group>";
		};
		D3ADF9CCB7FB4D7CA0812430 /* pl.lproj */ = {
			isa = PBXGroup;
			children = (
				E68B301C920A428F94E565B0 /* InfoPlist.strings */,
			);
			name = pl.lproj;
			sourceTree = "<group>";
		};
		E8987FECBDB949E3B301D89A /* pt.lproj */ = {
			isa = PBXGroup;
			children = (
				64D54E852CB848E78D1A23F6 /* InfoPlist.strings */,
			);
			name = pt.lproj;
			sourceTree = "<group>";
		};
		EB1BEA34805A4134B4BB5EF3 /* bg.lproj */ = {
			isa = PBXGroup;
			children = (
				6F1547E478C34A45A67B96D8 /* InfoPlist.strings */,
			);
			name = bg.lproj;
			sourceTree = "<group>";
		};
		F81866AAC194D6501AEDCDCD /* ExpoModulesProviders */ = {
			isa = PBXGroup;
			children = (
				25018F60B53B5BCBA5D51E2F /* RunWithAI */,
			);
			name = ExpoModulesProviders;
			sourceTree = "<group>";
		};
		FA05642D787846DD8AE5573B /* fi.lproj */ = {
			isa = PBXGroup;
			children = (
				19D19F9FE0CD4910919198E4 /* InfoPlist.strings */,
			);
			name = fi.lproj;
			sourceTree = "<group>";
		};
		FCFAE2AE964D4AEA9BD0F27E /* de.lproj */ = {
			isa = PBXGroup;
			children = (
				79FD9D7D274D4FB484E68364 /* InfoPlist.strings */,
			);
			name = de.lproj;
			sourceTree = "<group>";
		};
		FFE875D855594121A3E8ED78 /* cs.lproj */ = {
			isa = PBXGroup;
			children = (
				0BCE7CCA64EC40699D765100 /* InfoPlist.strings */,
			);
			name = cs.lproj;
			sourceTree = "<group>";
		};
/* End PBXGroup section */

/* Begin PBXNativeTarget section */
		13B07F861A680F5B00A75B9A /* RunWithAI */ = {
			isa = PBXNativeTarget;
			buildConfigurationList = 13B07F931A680F5B00A75B9A /* Build configuration list for PBXNativeTarget "RunWithAI" */;
			buildPhases = (
				08A4A3CD28434E44B6B9DE2E /* [CP] Check Pods Manifest.lock */,
				64B81CF33AA539821FA14CD1 /* [Expo] Configure project */,
				13B07F871A680F5B00A75B9A /* Sources */,
				13B07F8C1A680F5B00A75B9A /* Frameworks */,
				13B07F8E1A680F5B00A75B9A /* Resources */,
				00DD1BFF1BD5951E006B06BC /* Bundle React Native code and images */,
				800E24972A6A228C8D4807E9 /* [CP] Copy Pods Resources */,
				32D31CD79107D53813B4F7B4 /* [CP] Embed Pods Frameworks */,
				DC9D98A62F980466006AA004 /* Embed Watch Content */,
				DC89704E2FE1E8EE00701113 /* Embed Foundation Extensions */,
			);
			buildRules = (
			);
			dependencies = (
				DC9D98A52F980466006AA004 /* PBXTargetDependency */,
				DC9D98A82F980493006AA004 /* PBXTargetDependency */,
				DC9D98AA2F9804E2006AA004 /* PBXTargetDependency */,
				DC8970482FE1E8EE00701113 /* PBXTargetDependency */,
			);
			name = RunWithAI;
			productName = RunWithAI;
			productReference = 13B07F961A680F5B00A75B9A /* RunWithAI.app */;
			productType = "com.apple.product-type.application";
		};
		DC8970372FE1E8ED00701113 /* RunWithAILiveActivityExtension */ = {
			isa = PBXNativeTarget;
			buildConfigurationList = DC89704B2FE1E8EE00701113 /* Build configuration list for PBXNativeTarget "RunWithAILiveActivityExtension" */;
			buildPhases = (
				DC8970342FE1E8ED00701113 /* Sources */,
				DC8970352FE1E8ED00701113 /* Frameworks */,
				DC8970362FE1E8ED00701113 /* Resources */,
			);
			buildRules = (
			);
			dependencies = (
			);
			fileSystemSynchronizedGroups = (
				DC89703D2FE1E8ED00701113 /* RunWithAILiveActivity */,
			);
			name = RunWithAILiveActivityExtension;
			productName = RunWithAILiveActivityExtension;
			productReference = DC8970382FE1E8ED00701113 /* RunWithAILiveActivityExtension.appex */;
			productType = "com.apple.product-type.app-extension";
		};
		DCCFA0BB2F97F3BB0043FC45 /* watchkitapp Watch App */ = {
			isa = PBXNativeTarget;
			buildConfigurationList = DCCFA0E32F97F3BE0043FC45 /* Build configuration list for PBXNativeTarget "watchkitapp Watch App" */;
			buildPhases = (
				DCCFA0B82F97F3BB0043FC45 /* Sources */,
				DCCFA0B92F97F3BB0043FC45 /* Frameworks */,
				DCCFA0BA2F97F3BB0043FC45 /* Resources */,
			);
			buildRules = (
			);
			dependencies = (
			);
			fileSystemSynchronizedGroups = (
				DCCFA0BD2F97F3BB0043FC45 /* watchkitapp Watch App */,
			);
			name = "watchkitapp Watch App";
			productName = "watchkitapp Watch App";
			productReference = DCCFA0BC2F97F3BB0043FC45 /* watchkitapp Watch App.app */;
			productType = "com.apple.product-type.application";
		};
		DCCFA0CA2F97F3BE0043FC45 /* watchkitapp Watch AppTests */ = {
			isa = PBXNativeTarget;
			buildConfigurationList = DCCFA0E42F97F3BE0043FC45 /* Build configuration list for PBXNativeTarget "watchkitapp Watch AppTests" */;
			buildPhases = (
				DCCFA0C72F97F3BE0043FC45 /* Sources */,
				DCCFA0C82F97F3BE0043FC45 /* Frameworks */,
				DCCFA0C92F97F3BE0043FC45 /* Resources */,
			);
			buildRules = (
			);
			dependencies = (
				DCCFA0CD2F97F3BE0043FC45 /* PBXTargetDependency */,
			);
			fileSystemSynchronizedGroups = (
				DCCFA0CE2F97F3BE0043FC45 /* watchkitapp Watch AppTests */,
			);
			name = "watchkitapp Watch AppTests";
			productName = "watchkitapp Watch AppTests";
			productReference = DCCFA0CB2F97F3BE0043FC45 /* watchkitapp Watch AppTests.xctest */;
			productType = "com.apple.product-type.bundle.unit-test";
		};
		DCCFA0D42F97F3BE0043FC45 /* watchkitapp Watch AppUITests */ = {
			isa = PBXNativeTarget;
			buildConfigurationList = DCCFA0E52F97F3BE0043FC45 /* Build configuration list for PBXNativeTarget "watchkitapp Watch AppUITests" */;
			buildPhases = (
				DCCFA0D12F97F3BE0043FC45 /* Sources */,
				DCCFA0D22F97F3BE0043FC45 /* Frameworks */,
				DCCFA0D32F97F3BE0043FC45 /* Resources */,
			);
			buildRules = (
			);
			dependencies = (
				DCCFA0D72F97F3BE0043FC45 /* PBXTargetDependency */,
			);
			fileSystemSynchronizedGroups = (
				DCCFA0D82F97F3BE0043FC45 /* watchkitapp Watch AppUITests */,
			);
			name = "watchkitapp Watch AppUITests";
			productName = "watchkitapp Watch AppUITests";
			productReference = DCCFA0D52F97F3BE0043FC45 /* watchkitapp Watch AppUITests.xctest */;
			productType = "com.apple.product-type.bundle.ui-testing";
		};
/* End PBXNativeTarget section */

/* Begin PBXProject section */
		83CBB9F71A601CBA00E9B192 /* Project object */ = {
			isa = PBXProject;
			attributes = {
				LastSwiftUpdateCheck = 1620;
				LastUpgradeCheck = 1130;
				TargetAttributes = {
					13B07F861A680F5B00A75B9A = {
						LastSwiftMigration = 1250;
					};
					DC8970372FE1E8ED00701113 = {
						CreatedOnToolsVersion = 16.2;
					};
					DCCFA0BB2F97F3BB0043FC45 = {
						CreatedOnToolsVersion = 16.2;
					};
					DCCFA0CA2F97F3BE0043FC45 = {
						CreatedOnToolsVersion = 16.2;
						TestTargetID = DCCFA0BB2F97F3BB0043FC45;
					};
					DCCFA0D42F97F3BE0043FC45 = {
						CreatedOnToolsVersion = 16.2;
						TestTargetID = DCCFA0BB2F97F3BB0043FC45;
					};
				};
			};
			buildConfigurationList = 83CBB9FA1A601CBA00E9B192 /* Build configuration list for PBXProject "RunWithAI" */;
			compatibilityVersion = "Xcode 3.2";
			developmentRegion = en;
			hasScannedForEncodings = 0;
			knownRegions = (
				en,
				Base,
				da,
				de,
				fr,
				es,
				it,
				pt,
				nl,
				pl,
				sv,
				fi,
				el,
				cs,
				ro,
				hu,
				bg,
				hr,
				sk,
				sl,
				lt,
				lv,
				et,
				ga,
				mt,
			);
			mainGroup = 83CBB9F61A601CBA00E9B192;
			productRefGroup = 83CBBA001A601CBA00E9B192 /* Products */;
			projectDirPath = "";
			projectRoot = "";
			targets = (
				13B07F861A680F5B00A75B9A /* RunWithAI */,
				DCCFA0BB2F97F3BB0043FC45 /* watchkitapp Watch App */,
				DCCFA0CA2F97F3BE0043FC45 /* watchkitapp Watch AppTests */,
				DCCFA0D42F97F3BE0043FC45 /* watchkitapp Watch AppUITests */,
				DC8970372FE1E8ED00701113 /* RunWithAILiveActivityExtension */,
			);
		};
/* End PBXProject section */

/* Begin PBXResourcesBuildPhase section */
		13B07F8E1A680F5B00A75B9A /* Resources */ = {
			isa = PBXResourcesBuildPhase;
			buildActionMask = 2147483647;
			files = (
				BB2F792D24A3F905000567C9 /* Expo.plist in Resources */,
				13B07FBF1A68108700A75B9A /* Images.xcassets in Resources */,
				3E461D99554A48A4959DE609 /* SplashScreen.storyboard in Resources */,
				2ACC311F4DCC4EE3811216F2 /* InfoPlist.strings in Resources */,
				1363AE01E2C54DDCBBFD515B /* InfoPlist.strings in Resources */,
				70C591D14DB0466CA0AC8B73 /* InfoPlist.strings in Resources */,
				D1E25EA25F874B5883490AAF /* InfoPlist.strings in Resources */,
				05ADE9EB86654D19A4253611 /* InfoPlist.strings in Resources */,
				C5AE7932D89F4A76B2352E0F /* InfoPlist.strings in Resources */,
				3E73E8C588F64F45B9BA737A /* InfoPlist.strings in Resources */,
				E729E15794BC46678CDBFD49 /* InfoPlist.strings in Resources */,
				57FD1DB5C42441E8B17C7DF8 /* InfoPlist.strings in Resources */,
				76F63A84392D465BA5821594 /* InfoPlist.strings in Resources */,
				74F3207B4F7F4EC7AE15F471 /* InfoPlist.strings in Resources */,
				6C82E8AB7C324F589145B283 /* InfoPlist.strings in Resources */,
				2CF92C1F4C364856838CF831 /* InfoPlist.strings in Resources */,
				310773CD1FE94BCA95F3B43D /* InfoPlist.strings in Resources */,
				3DB7954BEE8042F4836E2AF3 /* InfoPlist.strings in Resources */,
				4D68128A6CFB4743B80232BC /* InfoPlist.strings in Resources */,
				257FB4E927C341E7850D74FD /* InfoPlist.strings in Resources */,
				54E2E1DEB54D4B53AED0C9C0 /* InfoPlist.strings in Resources */,
				EEC9EA05F6F5414AA1AFDF83 /* InfoPlist.strings in Resources */,
				EA9C0B3BE173443BAC6C20CC /* InfoPlist.strings in Resources */,
				909D1599284745C0882AF40B /* InfoPlist.strings in Resources */,
				1578E56244BC47B0B3BA2B7B /* InfoPlist.strings in Resources */,
				6502BBF325ED4A6EA55C6876 /* InfoPlist.strings in Resources */,
				C826C8F71476429C969FB056 /* InfoPlist.strings in Resources */,
				7DB31408A333F451F316EA54 /* PrivacyInfo.xcprivacy in Resources */,
			);
			runOnlyForDeploymentPostprocessing = 0;
		};
		DC8970362FE1E8ED00701113 /* Resources */ = {
			isa = PBXResourcesBuildPhase;
			buildActionMask = 2147483647;
			files = (
			);
			runOnlyForDeploymentPostprocessing = 0;
		};
		DCCFA0BA2F97F3BB0043FC45 /* Resources */ = {
			isa = PBXResourcesBuildPhase;
			buildActionMask = 2147483647;
			files = (
				161EF095FBE98BCA7359C5FC /* PrivacyInfo.xcprivacy in Resources */,
			);
			runOnlyForDeploymentPostprocessing = 0;
		};
		DCCFA0C92F97F3BE0043FC45 /* Resources */ = {
			isa = PBXResourcesBuildPhase;
			buildActionMask = 2147483647;
			files = (
			);
			runOnlyForDeploymentPostprocessing = 0;
		};
		DCCFA0D32F97F3BE0043FC45 /* Resources */ = {
			isa = PBXResourcesBuildPhase;
			buildActionMask = 2147483647;
			files = (
			);
			runOnlyForDeploymentPostprocessing = 0;
		};
/* End PBXResourcesBuildPhase section */

/* Begin PBXShellScriptBuildPhase section */
		00DD1BFF1BD5951E006B06BC /* Bundle React Native code and images */ = {
			isa = PBXShellScriptBuildPhase;
			alwaysOutOfDate = 1;
			buildActionMask = 2147483647;
			files = (
			);
			inputPaths = (
				"$(SRCROOT)/.xcode.env",
				"$(SRCROOT)/.xcode.env.local",
			);
			name = "Bundle React Native code and images";
			outputPaths = (
			);
			runOnlyForDeploymentPostprocessing = 0;
			shellPath = /bin/sh;
			shellScript = "if [[ -f \"$PODS_ROOT/../.xcode.env\" ]]; then\n  source \"$PODS_ROOT/../.xcode.env\"\nfi\nif [[ -f \"$PODS_ROOT/../.xcode.env.local\" ]]; then\n  source \"$PODS_ROOT/../.xcode.env.local\"\nfi\n\n# The project root by default is one level up from the ios directory\nexport PROJECT_ROOT=\"$PROJECT_DIR\"/..\n\nif [[ \"$CONFIGURATION\" = *Debug* ]]; then\n  export SKIP_BUNDLING=1\nfi\nif [[ -z \"$ENTRY_FILE\" ]]; then\n  # Set the entry JS file using the bundler's entry resolution.\n  export ENTRY_FILE=\"$(\"$NODE_BINARY\" -e \"require('expo/scripts/resolveAppEntry')\" \"$PROJECT_ROOT\" ios absolute | tail -n 1)\"\nfi\n\nif [[ -z \"$CLI_PATH\" ]]; then\n  # Use Expo CLI\n  export CLI_PATH=\"$(\"$NODE_BINARY\" --print \"require.resolve('@expo/cli', { paths: [require.resolve('expo/package.json')] })\")\"\nfi\nif [[ -z \"$BUNDLE_COMMAND\" ]]; then\n  # Default Expo CLI command for bundling\n  export BUNDLE_COMMAND=\"export:embed\"\nfi\n\n# Source .xcode.env.updates if it exists to allow\n# SKIP_BUNDLING to be unset if needed\nif [[ -f \"$PODS_ROOT/../.xcode.env.updates\" ]]; then\n  source \"$PODS_ROOT/../.xcode.env.updates\"\nfi\n# Source local changes to allow overrides\n# if needed\nif [[ -f \"$PODS_ROOT/../.xcode.env.local\" ]]; then\n  source \"$PODS_ROOT/../.xcode.env.local\"\nfi\n\n`\"$NODE_BINARY\" --print \"require('path').dirname(require.resolve('react-native/package.json')) + '/scripts/react-native-xcode.sh'\"`\n\n";
		};
		08A4A3CD28434E44B6B9DE2E /* [CP] Check Pods Manifest.lock */ = {
			isa = PBXShellScriptBuildPhase;
			buildActionMask = 2147483647;
			files = (
			);
			inputFileListPaths = (
			);
			inputPaths = (
				"${PODS_PODFILE_DIR_PATH}/Podfile.lock",
				"${PODS_ROOT}/Manifest.lock",
			);
			name = "[CP] Check Pods Manifest.lock";
			outputFileListPaths = (
			);
			outputPaths = (
				"$(DERIVED_FILE_DIR)/Pods-RunWithAI-checkManifestLockResult.txt",
			);
			runOnlyForDeploymentPostprocessing = 0;
			shellPath = /bin/sh;
			shellScript = "diff \"${PODS_PODFILE_DIR_PATH}/Podfile.lock\" \"${PODS_ROOT}/Manifest.lock\" > /dev/null\nif [ $? != 0 ] ; then\n    # print error to STDERR\n    echo \"error: The sandbox is not in sync with the Podfile.lock. Run 'pod install' or update your CocoaPods installation.\" >&2\n    exit 1\nfi\n# This output is used by Xcode 'outputs' to avoid re-running this script phase.\necho \"SUCCESS\" > \"${SCRIPT_OUTPUT_FILE_0}\"\n";
			showEnvVarsInLog = 0;
		};
		32D31CD79107D53813B4F7B4 /* [CP] Embed Pods Frameworks */ = {
			isa = PBXShellScriptBuildPhase;
			buildActionMask = 2147483647;
			files = (
			);
			inputPaths = (
				"${PODS_ROOT}/Target Support Files/Pods-RunWithAI/Pods-RunWithAI-frameworks.sh",
				"${PODS_XCFRAMEWORKS_BUILD_DIR}/React-Core-prebuilt/React.framework/React",
				"${PODS_XCFRAMEWORKS_BUILD_DIR}/ReactNativeDependencies/ReactNativeDependencies.framework/ReactNativeDependencies",
				"${PODS_XCFRAMEWORKS_BUILD_DIR}/hermes-engine/Pre-built/hermes.framework/hermes",
			);
			name = "[CP] Embed Pods Frameworks";
			outputPaths = (
				"${TARGET_BUILD_DIR}/${FRAMEWORKS_FOLDER_PATH}/React.framework",
				"${TARGET_BUILD_DIR}/${FRAMEWORKS_FOLDER_PATH}/ReactNativeDependencies.framework",
				"${TARGET_BUILD_DIR}/${FRAMEWORKS_FOLDER_PATH}/hermes.framework",
			);
			runOnlyForDeploymentPostprocessing = 0;
			shellPath = /bin/sh;
			shellScript = "\"${PODS_ROOT}/Target Support Files/Pods-RunWithAI/Pods-RunWithAI-frameworks.sh\"\n";
			showEnvVarsInLog = 0;
		};
		64B81CF33AA539821FA14CD1 /* [Expo] Configure project */ = {
			isa = PBXShellScriptBuildPhase;
			alwaysOutOfDate = 1;
			buildActionMask = 2147483647;
			files = (
			);
			inputFileListPaths = (
			);
			inputPaths = (
				"$(SRCROOT)/.xcode.env",
				"$(SRCROOT)/.xcode.env.local",
				"$(SRCROOT)/RunWithAI/RunWithAI.entitlements",
				"$(SRCROOT)/Pods/Target Support Files/Pods-RunWithAI/expo-configure-project.sh",
			);
			name = "[Expo] Configure project";
			outputFileListPaths = (
			);
			outputPaths = (
				"$(SRCROOT)/Pods/Target Support Files/Pods-RunWithAI/ExpoModulesProvider.swift",
			);
			runOnlyForDeploymentPostprocessing = 0;
			shellPath = /bin/sh;
			shellScript = "# This script configures Expo modules and generates the modules provider file.\nbash -l -c \"./Pods/Target\\ Support\\ Files/Pods-RunWithAI/expo-configure-project.sh\"\n";
		};
		800E24972A6A228C8D4807E9 /* [CP] Copy Pods Resources */ = {
			isa = PBXShellScriptBuildPhase;
			buildActionMask = 2147483647;
			files = (
			);
			inputPaths = (
				"${PODS_ROOT}/Target Support Files/Pods-RunWithAI/Pods-RunWithAI-resources.sh",
				"${PODS_CONFIGURATION_BUILD_DIR}/EXApplication/ExpoApplication_privacy.bundle",
				"${PODS_CONFIGURATION_BUILD_DIR}/EXConstants/EXConstants.bundle",
				"${PODS_CONFIGURATION_BUILD_DIR}/EXConstants/ExpoConstants_privacy.bundle",
				"${PODS_CONFIGURATION_BUILD_DIR}/EXNotifications/ExpoNotifications_privacy.bundle",
				"${PODS_CONFIGURATION_BUILD_DIR}/EXTaskManager/ExpoTaskManager_privacy.bundle",
				"${PODS_CONFIGURATION_BUILD_DIR}/ExpoFileSystem/ExpoFileSystem_privacy.bundle",
				"${PODS_CONFIGURATION_BUILD_DIR}/ExpoLocalization/ExpoLocalization_privacy.bundle",
				"${PODS_CONFIGURATION_BUILD_DIR}/GoogleMaps/GoogleMapsResources.bundle",
				"${PODS_CONFIGURATION_BUILD_DIR}/PurchasesHybridCommon/PurchasesHybridCommon.bundle",
				"${PODS_CONFIGURATION_BUILD_DIR}/RNCAsyncStorage/RNCAsyncStorage_resources.bundle",
				"${PODS_CONFIGURATION_BUILD_DIR}/RNSVG/RNSVGFilters.bundle",
				"${PODS_CONFIGURATION_BUILD_DIR}/React-Core/React-Core_privacy.bundle",
				"${PODS_CONFIGURATION_BUILD_DIR}/React-cxxreact/React-cxxreact_privacy.bundle",
				"${PODS_CONFIGURATION_BUILD_DIR}/RevenueCat/RevenueCat.bundle",
				"${PODS_CONFIGURATION_BUILD_DIR}/RevenueCatUI/RevenueCat_RevenueCatUI.bundle",
				"${PODS_CONFIGURATION_BUILD_DIR}/react-native-google-maps/GoogleMapsPrivacy.bundle",
				"${PODS_CONFIGURATION_BUILD_DIR}/react-native-maps/ReactNativeMapsPrivacy.bundle",
			);
			name = "[CP] Copy Pods Resources";
			outputPaths = (
				"${TARGET_BUILD_DIR}/${UNLOCALIZED_RESOURCES_FOLDER_PATH}/ExpoApplication_privacy.bundle",
				"${TARGET_BUILD_DIR}/${UNLOCALIZED_RESOURCES_FOLDER_PATH}/EXConstants.bundle",
				"${TARGET_BUILD_DIR}/${UNLOCALIZED_RESOURCES_FOLDER_PATH}/ExpoConstants_privacy.bundle",
				"${TARGET_BUILD_DIR}/${UNLOCALIZED_RESOURCES_FOLDER_PATH}/ExpoNotifications_privacy.bundle",
				"${TARGET_BUILD_DIR}/${UNLOCALIZED_RESOURCES_FOLDER_PATH}/ExpoTaskManager_privacy.bundle",
				"${TARGET_BUILD_DIR}/${UNLOCALIZED_RESOURCES_FOLDER_PATH}/ExpoFileSystem_privacy.bundle",
				"${TARGET_BUILD_DIR}/${UNLOCALIZED_RESOURCES_FOLDER_PATH}/ExpoLocalization_privacy.bundle",
				"${TARGET_BUILD_DIR}/${UNLOCALIZED_RESOURCES_FOLDER_PATH}/GoogleMapsResources.bundle",
				"${TARGET_BUILD_DIR}/${UNLOCALIZED_RESOURCES_FOLDER_PATH}/PurchasesHybridCommon.bundle",
				"${TARGET_BUILD_DIR}/${UNLOCALIZED_RESOURCES_FOLDER_PATH}/RNCAsyncStorage_resources.bundle",
				"${TARGET_BUILD_DIR}/${UNLOCALIZED_RESOURCES_FOLDER_PATH}/RNSVGFilters.bundle",
				"${TARGET_BUILD_DIR}/${UNLOCALIZED_RESOURCES_FOLDER_PATH}/React-Core_privacy.bundle",
				"${TARGET_BUILD_DIR}/${UNLOCALIZED_RESOURCES_FOLDER_PATH}/React-cxxreact_privacy.bundle",
				"${TARGET_BUILD_DIR}/${UNLOCALIZED_RESOURCES_FOLDER_PATH}/RevenueCat.bundle",
				"${TARGET_BUILD_DIR}/${UNLOCALIZED_RESOURCES_FOLDER_PATH}/RevenueCat_RevenueCatUI.bundle",
				"${TARGET_BUILD_DIR}/${UNLOCALIZED_RESOURCES_FOLDER_PATH}/GoogleMapsPrivacy.bundle",
				"${TARGET_BUILD_DIR}/${UNLOCALIZED_RESOURCES_FOLDER_PATH}/ReactNativeMapsPrivacy.bundle",
			);
			runOnlyForDeploymentPostprocessing = 0;
			shellPath = /bin/sh;
			shellScript = "\"${PODS_ROOT}/Target Support Files/Pods-RunWithAI/Pods-RunWithAI-resources.sh\"\n";
			showEnvVarsInLog = 0;
		};
/* End PBXShellScriptBuildPhase section */

/* Begin PBXSourcesBuildPhase section */
		13B07F871A680F5B00A75B9A /* Sources */ = {
			isa = PBXSourcesBuildPhase;
			buildActionMask = 2147483647;
			files = (
				DC8970322FE1E76500701113 /* LiveActivityModule.m in Sources */,
				DC8970332FE1E76500701113 /* LiveActivityModule.swift in Sources */,
				F11748422D0307B40044C1D9 /* AppDelegate.swift in Sources */,
				F1174802301A00000001C0D0 /* RCTWatchConnectivity.mm in Sources */,
				DC0ED84B2FF3D02200BDEAD9 /* BackgroundLocationModule.swift in Sources */,
				DC0ED84C2FF3D02200BDEAD9 /* BackgroundLocationModule.m in Sources */,
				62F3405E7CFC30044DB40313 /* ExpoModulesProvider.swift in Sources */,
			);
			runOnlyForDeploymentPostprocessing = 0;
		};
		DC8970342FE1E8ED00701113 /* Sources */ = {
			isa = PBXSourcesBuildPhase;
			buildActionMask = 2147483647;
			files = (
			);
			runOnlyForDeploymentPostprocessing = 0;
		};
		DCCFA0B82F97F3BB0043FC45 /* Sources */ = {
			isa = PBXSourcesBuildPhase;
			buildActionMask = 2147483647;
			files = (
			);
			runOnlyForDeploymentPostprocessing = 0;
		};
		DCCFA0C72F97F3BE0043FC45 /* Sources */ = {
			isa = PBXSourcesBuildPhase;
			buildActionMask = 2147483647;
			files = (
			);
			runOnlyForDeploymentPostprocessing = 0;
		};
		DCCFA0D12F97F3BE0043FC45 /* Sources */ = {
			isa = PBXSourcesBuildPhase;
			buildActionMask = 2147483647;
			files = (
			);
			runOnlyForDeploymentPostprocessing = 0;
		};
/* End PBXSourcesBuildPhase section */

/* Begin PBXTargetDependency section */
		DC8970482FE1E8EE00701113 /* PBXTargetDependency */ = {
			isa = PBXTargetDependency;
			target = DC8970372FE1E8ED00701113 /* RunWithAILiveActivityExtension */;
			targetProxy = DC8970472FE1E8EE00701113 /* PBXContainerItemProxy */;
		};
		DC9D98A52F980466006AA004 /* PBXTargetDependency */ = {
			isa = PBXTargetDependency;
			target = DCCFA0BB2F97F3BB0043FC45 /* watchkitapp Watch App */;
			targetProxy = DC9D98A42F980466006AA004 /* PBXContainerItemProxy */;
		};
		DC9D98A82F980493006AA004 /* PBXTargetDependency */ = {
			isa = PBXTargetDependency;
			target = DCCFA0BB2F97F3BB0043FC45 /* watchkitapp Watch App */;
			targetProxy = DC9D98A72F980493006AA004 /* PBXContainerItemProxy */;
		};
		DC9D98AA2F9804E2006AA004 /* PBXTargetDependency */ = {
			isa = PBXTargetDependency;
			target = DCCFA0BB2F97F3BB0043FC45 /* watchkitapp Watch App */;
			targetProxy = DC9D98A92F9804E2006AA004 /* PBXContainerItemProxy */;
		};
		DCCFA0CD2F97F3BE0043FC45 /* PBXTargetDependency */ = {
			isa = PBXTargetDependency;
			target = DCCFA0BB2F97F3BB0043FC45 /* watchkitapp Watch App */;
			targetProxy = DCCFA0CC2F97F3BE0043FC45 /* PBXContainerItemProxy */;
		};
		DCCFA0D72F97F3BE0043FC45 /* PBXTargetDependency */ = {
			isa = PBXTargetDependency;
			target = DCCFA0BB2F97F3BB0043FC45 /* watchkitapp Watch App */;
			targetProxy = DCCFA0D62F97F3BE0043FC45 /* PBXContainerItemProxy */;
		};
/* End PBXTargetDependency section */

/* Begin XCBuildConfiguration section */
		13B07F941A680F5B00A75B9A /* Debug */ = {
			isa = XCBuildConfiguration;
			baseConfigurationReference = A191B932EEF2A7755780BD1C /* Pods-RunWithAI.debug.xcconfig */;
			buildSettings = {
				ASSETCATALOG_COMPILER_APPICON_NAME = AppIcon;
				CLANG_ENABLE_MODULES = YES;
				CODE_SIGN_ENTITLEMENTS = RunWithAI/RunWithAI.entitlements;
				CURRENT_PROJECT_VERSION = 114;
				DEVELOPMENT_TEAM = 67936DLJC3;
				ENABLE_BITCODE = NO;
				GCC_PREPROCESSOR_DEFINITIONS = (
					"$(inherited)",
					"FB_SONARKIT_ENABLED=1",
				);
				INFOPLIST_FILE = RunWithAI/Info.plist;
				IPHONEOS_DEPLOYMENT_TARGET = 16.0;
				LD_RUNPATH_SEARCH_PATHS = (
					"$(inherited)",
					"@executable_path/Frameworks",
				);
				MARKETING_VERSION = 2.5.13;
				OTHER_LDFLAGS = (
					"$(inherited)",
					"-ObjC",
					"-lc++",
					"-framework",
					WatchConnectivity,
				);
				OTHER_SWIFT_FLAGS = "$(inherited) -D EXPO_CONFIGURATION_DEBUG";
				PRODUCT_BUNDLE_IDENTIFIER = app.runwithai;
				PRODUCT_NAME = RunWithAI;
				SWIFT_OBJC_BRIDGING_HEADER = "RunWithAI/RunWithAI-Bridging-Header.h";
				SWIFT_OPTIMIZATION_LEVEL = "-Onone";
				SWIFT_VERSION = 5.0;
				TARGETED_DEVICE_FAMILY = 1;
				VERSIONING_SYSTEM = "apple-generic";
			};
			name = Debug;
		};
		13B07F951A680F5B00A75B9A /* Release */ = {
			isa = XCBuildConfiguration;
			baseConfigurationReference = 3E0825B7513E6EDDFFED139C /* Pods-RunWithAI.release.xcconfig */;
			buildSettings = {
				ASSETCATALOG_COMPILER_APPICON_NAME = AppIcon;
				CLANG_ENABLE_MODULES = YES;
				CODE_SIGN_ENTITLEMENTS = RunWithAI/RunWithAI.entitlements;
				CURRENT_PROJECT_VERSION = 114;
				DEVELOPMENT_TEAM = 67936DLJC3;
				INFOPLIST_FILE = RunWithAI/Info.plist;
				IPHONEOS_DEPLOYMENT_TARGET = 16.0;
				LD_RUNPATH_SEARCH_PATHS = (
					"$(inherited)",
					"@executable_path/Frameworks",
				);
				MARKETING_VERSION = 2.5.13;
				OTHER_LDFLAGS = (
					"$(inherited)",
					"-ObjC",
					"-lc++",
					"-framework",
					WatchConnectivity,
				);
				OTHER_SWIFT_FLAGS = "$(inherited) -D EXPO_CONFIGURATION_RELEASE";
				PRODUCT_BUNDLE_IDENTIFIER = app.runwithai;
				PRODUCT_NAME = RunWithAI;
				SWIFT_OBJC_BRIDGING_HEADER = "RunWithAI/RunWithAI-Bridging-Header.h";
				SWIFT_VERSION = 5.0;
				TARGETED_DEVICE_FAMILY = 1;
				VERSIONING_SYSTEM = "apple-generic";
			};
			name = Release;
		};
		83CBBA201A601CBA00E9B192 /* Debug */ = {
			isa = XCBuildConfiguration;
			buildSettings = {
				ALWAYS_SEARCH_USER_PATHS = NO;
				CLANG_ANALYZER_LOCALIZABILITY_NONLOCALIZED = YES;
				CLANG_CXX_LANGUAGE_STANDARD = "c++20";
				CLANG_CXX_LIBRARY = "libc++";
				CLANG_ENABLE_MODULES = YES;
				CLANG_ENABLE_OBJC_ARC = YES;
				CLANG_WARN_BLOCK_CAPTURE_AUTORELEASING = YES;
				CLANG_WARN_BOOL_CONVERSION = YES;
				CLANG_WARN_COMMA = YES;
				CLANG_WARN_CONSTANT_CONVERSION = YES;
				CLANG_WARN_DEPRECATED_OBJC_IMPLEMENTATIONS = YES;
				CLANG_WARN_DIRECT_OBJC_ISA_USAGE = YES_ERROR;
				CLANG_WARN_EMPTY_BODY = YES;
				CLANG_WARN_ENUM_CONVERSION = YES;
				CLANG_WARN_INFINITE_RECURSION = YES;
				CLANG_WARN_INT_CONVERSION = YES;
				CLANG_WARN_NON_LITERAL_NULL_CONVERSION = YES;
				CLANG_WARN_OBJC_IMPLICIT_RETAIN_SELF = YES;
				CLANG_WARN_OBJC_LITERAL_CONVERSION = YES;
				CLANG_WARN_OBJC_ROOT_CLASS = YES_ERROR;
				CLANG_WARN_RANGE_LOOP_ANALYSIS = YES;
				CLANG_WARN_STRICT_PROTOTYPES = YES;
				CLANG_WARN_SUSPICIOUS_MOVE = YES;
				CLANG_WARN_UNREACHABLE_CODE = YES;
				CLANG_WARN__DUPLICATE_METHOD_MATCH = YES;
				"CODE_SIGN_IDENTITY[sdk=iphoneos*]" = "iPhone Developer";
				COPY_PHASE_STRIP = NO;
				ENABLE_STRICT_OBJC_MSGSEND = YES;
				ENABLE_TESTABILITY = YES;
				GCC_C_LANGUAGE_STANDARD = gnu99;
				GCC_DYNAMIC_NO_PIC = NO;
				GCC_NO_COMMON_BLOCKS = YES;
				GCC_OPTIMIZATION_LEVEL = 0;
				GCC_PREPROCESSOR_DEFINITIONS = (
					"DEBUG=1",
					"$(inherited)",
				);
				GCC_SYMBOLS_PRIVATE_EXTERN = NO;
				GCC_WARN_64_TO_32_BIT_CONVERSION = YES;
				GCC_WARN_ABOUT_RETURN_TYPE = YES_ERROR;
				GCC_WARN_UNDECLARED_SELECTOR = YES;
				GCC_WARN_UNINITIALIZED_AUTOS = YES_AGGRESSIVE;
				GCC_WARN_UNUSED_FUNCTION = YES;
				GCC_WARN_UNUSED_VARIABLE = YES;
				IPHONEOS_DEPLOYMENT_TARGET = 16.0;
				LD_RUNPATH_SEARCH_PATHS = (
					/usr/lib/swift,
					"$(inherited)",
				);
				LIBRARY_SEARCH_PATHS = "$(SDKROOT)/usr/lib/swift\"$(inherited)\"";
				MTL_ENABLE_DEBUG_INFO = YES;
				ONLY_ACTIVE_ARCH = YES;
				REACT_NATIVE_PATH = "${PODS_ROOT}/../../node_modules/react-native";
				SDKROOT = iphoneos;
				SWIFT_ACTIVE_COMPILATION_CONDITIONS = "$(inherited) DEBUG";
				SWIFT_ENABLE_EXPLICIT_MODULES = NO;
				USE_HERMES = true;
			};
			name = Debug;
		};
		83CBBA211A601CBA00E9B192 /* Release */ = {
			isa = XCBuildConfiguration;
			buildSettings = {
				ALWAYS_SEARCH_USER_PATHS = NO;
				CLANG_ANALYZER_LOCALIZABILITY_NONLOCALIZED = YES;
				CLANG_CXX_LANGUAGE_STANDARD = "c++20";
				CLANG_CXX_LIBRARY = "libc++";
				CLANG_ENABLE_MODULES = YES;
				CLANG_ENABLE_OBJC_ARC = YES;
				CLANG_WARN_BLOCK_CAPTURE_AUTORELEASING = YES;
				CLANG_WARN_BOOL_CONVERSION = YES;
				CLANG_WARN_COMMA = YES;
				CLANG_WARN_CONSTANT_CONVERSION = YES;
				CLANG_WARN_DEPRECATED_OBJC_IMPLEMENTATIONS = YES;
				CLANG_WARN_DIRECT_OBJC_ISA_USAGE = YES_ERROR;
				CLANG_WARN_EMPTY_BODY = YES;
				CLANG_WARN_ENUM_CONVERSION = YES;
				CLANG_WARN_INFINITE_RECURSION = YES;
				CLANG_WARN_INT_CONVERSION = YES;
				CLANG_WARN_NON_LITERAL_NULL_CONVERSION = YES;
				CLANG_WARN_OBJC_IMPLICIT_RETAIN_SELF = YES;
				CLANG_WARN_OBJC_LITERAL_CONVERSION = YES;
				CLANG_WARN_OBJC_ROOT_CLASS = YES_ERROR;
				CLANG_WARN_RANGE_LOOP_ANALYSIS = YES;
				CLANG_WARN_STRICT_PROTOTYPES = YES;
				CLANG_WARN_SUSPICIOUS_MOVE = YES;
				CLANG_WARN_UNREACHABLE_CODE = YES;
				CLANG_WARN__DUPLICATE_METHOD_MATCH = YES;
				"CODE_SIGN_IDENTITY[sdk=iphoneos*]" = "iPhone Developer";
				COPY_PHASE_STRIP = YES;
				ENABLE_NS_ASSERTIONS = NO;
				ENABLE_STRICT_OBJC_MSGSEND = YES;
				GCC_C_LANGUAGE_STANDARD = gnu99;
				GCC_NO_COMMON_BLOCKS = YES;
				GCC_WARN_64_TO_32_BIT_CONVERSION = YES;
				GCC_WARN_ABOUT_RETURN_TYPE = YES_ERROR;
				GCC_WARN_UNDECLARED_SELECTOR = YES;
				GCC_WARN_UNINITIALIZED_AUTOS = YES_AGGRESSIVE;
				GCC_WARN_UNUSED_FUNCTION = YES;
				GCC_WARN_UNUSED_VARIABLE = YES;
				IPHONEOS_DEPLOYMENT_TARGET = 16.0;
				LD_RUNPATH_SEARCH_PATHS = (
					/usr/lib/swift,
					"$(inherited)",
				);
				LIBRARY_SEARCH_PATHS = "$(SDKROOT)/usr/lib/swift\"$(inherited)\"";
				MTL_ENABLE_DEBUG_INFO = NO;
				REACT_NATIVE_PATH = "${PODS_ROOT}/../../node_modules/react-native";
				SDKROOT = iphoneos;
				SWIFT_ENABLE_EXPLICIT_MODULES = NO;
				USE_HERMES = true;
				VALIDATE_PRODUCT = YES;
			};
			name = Release;
		};
		DC89704C2FE1E8EE00701113 /* Debug */ = {
			isa = XCBuildConfiguration;
			buildSettings = {
				ASSETCATALOG_COMPILER_GENERATE_SWIFT_ASSET_SYMBOL_EXTENSIONS = YES;
				ASSETCATALOG_COMPILER_GLOBAL_ACCENT_COLOR_NAME = AccentColor;
				ASSETCATALOG_COMPILER_WIDGET_BACKGROUND_COLOR_NAME = WidgetBackground;
				CLANG_ANALYZER_NONNULL = YES;
				CLANG_ANALYZER_NUMBER_OBJECT_CONVERSION = YES_AGGRESSIVE;
				CLANG_CXX_LANGUAGE_STANDARD = "gnu++20";
				CLANG_ENABLE_OBJC_WEAK = YES;
				CLANG_WARN_DOCUMENTATION_COMMENTS = YES;
				CLANG_WARN_QUOTED_INCLUDE_IN_FRAMEWORK_HEADER = YES;
				CLANG_WARN_UNGUARDED_AVAILABILITY = YES_AGGRESSIVE;
				CODE_SIGN_STYLE = Automatic;
				CURRENT_PROJECT_VERSION = 114;
				DEBUG_INFORMATION_FORMAT = dwarf;
				DEVELOPMENT_TEAM = 67936DLJC3;
				ENABLE_USER_SCRIPT_SANDBOXING = YES;
				GCC_C_LANGUAGE_STANDARD = gnu17;
				GENERATE_INFOPLIST_FILE = YES;
				INFOPLIST_FILE = RunWithAILiveActivity/Info.plist;
				INFOPLIST_KEY_CFBundleDisplayName = RunWithAILiveActivity;
				INFOPLIST_KEY_NSHumanReadableCopyright = "";
				IPHONEOS_DEPLOYMENT_TARGET = 18.2;
				LD_RUNPATH_SEARCH_PATHS = (
					"$(inherited)",
					"@executable_path/Frameworks",
					"@executable_path/../../Frameworks",
				);
				LOCALIZATION_PREFERS_STRING_CATALOGS = YES;
				MARKETING_VERSION = 2.5.13;
				MTL_ENABLE_DEBUG_INFO = INCLUDE_SOURCE;
				MTL_FAST_MATH = YES;
				OTHER_SWIFT_FLAGS = "$(inherited) -D EXPO_CONFIGURATION_DEBUG";
				PRODUCT_BUNDLE_IDENTIFIER = app.runwithai.RunWithAILiveActivity;
				PRODUCT_NAME = "$(TARGET_NAME)";
				SKIP_INSTALL = YES;
				SWIFT_ACTIVE_COMPILATION_CONDITIONS = "DEBUG $(inherited)";
				SWIFT_EMIT_LOC_STRINGS = YES;
				SWIFT_OPTIMIZATION_LEVEL = "-Onone";
				SWIFT_VERSION = 5.0;
				TARGETED_DEVICE_FAMILY = "1,2";
			};
			name = Debug;
		};
		DC89704D2FE1E8EE00701113 /* Release */ = {
			isa = XCBuildConfiguration;
			buildSettings = {
				ASSETCATALOG_COMPILER_GENERATE_SWIFT_ASSET_SYMBOL_EXTENSIONS = YES;
				ASSETCATALOG_COMPILER_GLOBAL_ACCENT_COLOR_NAME = AccentColor;
				ASSETCATALOG_COMPILER_WIDGET_BACKGROUND_COLOR_NAME = WidgetBackground;
				CLANG_ANALYZER_NONNULL = YES;
				CLANG_ANALYZER_NUMBER_OBJECT_CONVERSION = YES_AGGRESSIVE;
				CLANG_CXX_LANGUAGE_STANDARD = "gnu++20";
				CLANG_ENABLE_OBJC_WEAK = YES;
				CLANG_WARN_DOCUMENTATION_COMMENTS = YES;
				CLANG_WARN_QUOTED_INCLUDE_IN_FRAMEWORK_HEADER = YES;
				CLANG_WARN_UNGUARDED_AVAILABILITY = YES_AGGRESSIVE;
				CODE_SIGN_STYLE = Automatic;
				COPY_PHASE_STRIP = NO;
				CURRENT_PROJECT_VERSION = 114;
				DEBUG_INFORMATION_FORMAT = "dwarf-with-dsym";
				DEVELOPMENT_TEAM = 67936DLJC3;
				ENABLE_USER_SCRIPT_SANDBOXING = YES;
				GCC_C_LANGUAGE_STANDARD = gnu17;
				GENERATE_INFOPLIST_FILE = YES;
				INFOPLIST_FILE = RunWithAILiveActivity/Info.plist;
				INFOPLIST_KEY_CFBundleDisplayName = RunWithAILiveActivity;
				INFOPLIST_KEY_NSHumanReadableCopyright = "";
				IPHONEOS_DEPLOYMENT_TARGET = 18.2;
				LD_RUNPATH_SEARCH_PATHS = (
					"$(inherited)",
					"@executable_path/Frameworks",
					"@executable_path/../../Frameworks",
				);
				LOCALIZATION_PREFERS_STRING_CATALOGS = YES;
				MARKETING_VERSION = 2.5.13;
				MTL_FAST_MATH = YES;
				OTHER_SWIFT_FLAGS = "$(inherited) -D EXPO_CONFIGURATION_RELEASE";
				PRODUCT_BUNDLE_IDENTIFIER = app.runwithai.RunWithAILiveActivity;
				PRODUCT_NAME = "$(TARGET_NAME)";
				SKIP_INSTALL = YES;
				SWIFT_COMPILATION_MODE = wholemodule;
				SWIFT_EMIT_LOC_STRINGS = YES;
				SWIFT_VERSION = 5.0;
				TARGETED_DEVICE_FAMILY = "1,2";
			};
			name = Release;
		};
		DCCFA0DD2F97F3BE0043FC45 /* Debug */ = {
			isa = XCBuildConfiguration;
			buildSettings = {
				ASSETCATALOG_COMPILER_APPICON_NAME = AppIcon;
				ASSETCATALOG_COMPILER_GENERATE_SWIFT_ASSET_SYMBOL_EXTENSIONS = YES;
				ASSETCATALOG_COMPILER_GLOBAL_ACCENT_COLOR_NAME = AccentColor;
				CLANG_ANALYZER_NONNULL = YES;
				CLANG_ANALYZER_NUMBER_OBJECT_CONVERSION = YES_AGGRESSIVE;
				CLANG_CXX_LANGUAGE_STANDARD = "gnu++20";
				CLANG_ENABLE_OBJC_WEAK = YES;
				CLANG_WARN_DOCUMENTATION_COMMENTS = YES;
				CLANG_WARN_QUOTED_INCLUDE_IN_FRAMEWORK_HEADER = YES;
				CLANG_WARN_UNGUARDED_AVAILABILITY = YES_AGGRESSIVE;
				CODE_SIGN_ENTITLEMENTS = "watchkitapp Watch App/watchkitapp Watch App.entitlements";
				CODE_SIGN_STYLE = Automatic;
				CURRENT_PROJECT_VERSION = 114;
				DEBUG_INFORMATION_FORMAT = dwarf;
				DEVELOPMENT_ASSET_PATHS = "\"watchkitapp Watch App/Preview Content\"";
				DEVELOPMENT_TEAM = 67936DLJC3;
				ENABLE_PREVIEWS = YES;
				ENABLE_USER_SCRIPT_SANDBOXING = YES;
				GCC_C_LANGUAGE_STANDARD = gnu17;
				GENERATE_INFOPLIST_FILE = YES;
				INFOPLIST_KEY_CFBundleDisplayName = watchkitapp;
				INFOPLIST_KEY_NSHealthShareUsageDescription = "RunWithAI laeser puls under traening";
				INFOPLIST_KEY_NSHealthUpdateUsageDescription = "RunWithAI gemmer din traening i Health";
				INFOPLIST_KEY_NSLocationAlwaysAndWhenInUseUsageDescription = "RunWithAI bruger GPS i baggrunden til at tracke hele dit lob";
				INFOPLIST_KEY_NSLocationWhenInUseUsageDescription = "RunWithAI bruger GPS til at tracke din rute under lÃÂ¸b";
				INFOPLIST_KEY_NSMotionUsageDescription = "RunWithAI bruger bevaegelsesdata til at tracke din aktivitet";
				INFOPLIST_KEY_UISupportedInterfaceOrientations = "UIInterfaceOrientationPortrait UIInterfaceOrientationPortraitUpsideDown";
				INFOPLIST_KEY_WKBackgroundModes = "workout-processing";
				INFOPLIST_KEY_WKCompanionAppBundleIdentifier = app.runwithai;
				LD_RUNPATH_SEARCH_PATHS = (
					"$(inherited)",
					"@executable_path/Frameworks",
				);
				LOCALIZATION_PREFERS_STRING_CATALOGS = YES;
				MARKETING_VERSION = 2.5.13;
				MTL_ENABLE_DEBUG_INFO = INCLUDE_SOURCE;
				MTL_FAST_MATH = YES;
				OTHER_SWIFT_FLAGS = "$(inherited) -D EXPO_CONFIGURATION_DEBUG";
				PRODUCT_BUNDLE_IDENTIFIER = app.runwithai.watchkitapp;
				PRODUCT_NAME = "$(TARGET_NAME)";
				SDKROOT = watchos;
				SKIP_INSTALL = YES;
				SWIFT_ACTIVE_COMPILATION_CONDITIONS = "DEBUG $(inherited)";
				SWIFT_EMIT_LOC_STRINGS = YES;
				SWIFT_OPTIMIZATION_LEVEL = "-Onone";
				SWIFT_VERSION = 5.0;
				TARGETED_DEVICE_FAMILY = 4;
				WATCHOS_DEPLOYMENT_TARGET = 11.2;
			};
			name = Debug;
		};
		DCCFA0DE2F97F3BE0043FC45 /* Release */ = {
			isa = XCBuildConfiguration;
			buildSettings = {
				ASSETCATALOG_COMPILER_APPICON_NAME = AppIcon;
				ASSETCATALOG_COMPILER_GENERATE_SWIFT_ASSET_SYMBOL_EXTENSIONS = YES;
				ASSETCATALOG_COMPILER_GLOBAL_ACCENT_COLOR_NAME = AccentColor;
				CLANG_ANALYZER_NONNULL = YES;
				CLANG_ANALYZER_NUMBER_OBJECT_CONVERSION = YES_AGGRESSIVE;
				CLANG_CXX_LANGUAGE_STANDARD = "gnu++20";
				CLANG_ENABLE_OBJC_WEAK = YES;
				CLANG_WARN_DOCUMENTATION_COMMENTS = YES;
				CLANG_WARN_QUOTED_INCLUDE_IN_FRAMEWORK_HEADER = YES;
				CLANG_WARN_UNGUARDED_AVAILABILITY = YES_AGGRESSIVE;
				CODE_SIGN_ENTITLEMENTS = "watchkitapp Watch App/watchkitapp Watch App.entitlements";
				CODE_SIGN_STYLE = Automatic;
				COPY_PHASE_STRIP = NO;
				CURRENT_PROJECT_VERSION = 114;
				DEBUG_INFORMATION_FORMAT = "dwarf-with-dsym";
				DEVELOPMENT_ASSET_PATHS = "\"watchkitapp Watch App/Preview Content\"";
				DEVELOPMENT_TEAM = 67936DLJC3;
				ENABLE_PREVIEWS = YES;
				ENABLE_USER_SCRIPT_SANDBOXING = YES;
				GCC_C_LANGUAGE_STANDARD = gnu17;
				GENERATE_INFOPLIST_FILE = YES;
				INFOPLIST_KEY_CFBundleDisplayName = watchkitapp;
				INFOPLIST_KEY_NSHealthShareUsageDescription = "RunWithAI laeser puls under traening";
				INFOPLIST_KEY_NSHealthUpdateUsageDescription = "RunWithAI gemmer din traening i Health";
				INFOPLIST_KEY_NSLocationAlwaysAndWhenInUseUsageDescription = "RunWithAI bruger GPS i baggrunden til at tracke hele dit lob";
				INFOPLIST_KEY_NSLocationWhenInUseUsageDescription = "RunWithAI bruger GPS til at tracke din rute under lÃÂ¸b";
				INFOPLIST_KEY_NSMotionUsageDescription = "RunWithAI bruger bevaegelsesdata til at tracke din aktivitet";
				INFOPLIST_KEY_UISupportedInterfaceOrientations = "UIInterfaceOrientationPortrait UIInterfaceOrientationPortraitUpsideDown";
				INFOPLIST_KEY_WKBackgroundModes = "workout-processing";
				INFOPLIST_KEY_WKCompanionAppBundleIdentifier = app.runwithai;
				LD_RUNPATH_SEARCH_PATHS = (
					"$(inherited)",
					"@executable_path/Frameworks",
				);
				LOCALIZATION_PREFERS_STRING_CATALOGS = YES;
				MARKETING_VERSION = 2.5.13;
				MTL_FAST_MATH = YES;
				OTHER_SWIFT_FLAGS = "$(inherited) -D EXPO_CONFIGURATION_RELEASE";
				PRODUCT_BUNDLE_IDENTIFIER = app.runwithai.watchkitapp;
				PRODUCT_NAME = "$(TARGET_NAME)";
				SDKROOT = watchos;
				SKIP_INSTALL = YES;
				SWIFT_COMPILATION_MODE = wholemodule;
				SWIFT_EMIT_LOC_STRINGS = YES;
				SWIFT_VERSION = 5.0;
				TARGETED_DEVICE_FAMILY = 4;
				WATCHOS_DEPLOYMENT_TARGET = 11.2;
			};
			name = Release;
		};
		DCCFA0DF2F97F3BE0043FC45 /* Debug */ = {
			isa = XCBuildConfiguration;
			buildSettings = {
				ASSETCATALOG_COMPILER_GENERATE_SWIFT_ASSET_SYMBOL_EXTENSIONS = YES;
				BUNDLE_LOADER = "$(TEST_HOST)";
				CLANG_ANALYZER_NONNULL = YES;
				CLANG_ANALYZER_NUMBER_OBJECT_CONVERSION = YES_AGGRESSIVE;
				CLANG_CXX_LANGUAGE_STANDARD = "gnu++20";
				CLANG_ENABLE_OBJC_WEAK = YES;
				CLANG_WARN_DOCUMENTATION_COMMENTS = YES;
				CLANG_WARN_QUOTED_INCLUDE_IN_FRAMEWORK_HEADER = YES;
				CLANG_WARN_UNGUARDED_AVAILABILITY = YES_AGGRESSIVE;
				CODE_SIGN_STYLE = Automatic;
				CURRENT_PROJECT_VERSION = 114;
				DEBUG_INFORMATION_FORMAT = dwarf;
				DEVELOPMENT_TEAM = 67936DLJC3;
				ENABLE_USER_SCRIPT_SANDBOXING = YES;
				GCC_C_LANGUAGE_STANDARD = gnu17;
				GENERATE_INFOPLIST_FILE = YES;
				LOCALIZATION_PREFERS_STRING_CATALOGS = YES;
				MARKETING_VERSION = 2.5.13;
				MTL_ENABLE_DEBUG_INFO = INCLUDE_SOURCE;
				MTL_FAST_MATH = YES;
				OTHER_SWIFT_FLAGS = "$(inherited) -D EXPO_CONFIGURATION_DEBUG";
				PRODUCT_BUNDLE_IDENTIFIER = "app.runwithai.watchkitapp-Watch-AppTests";
				PRODUCT_NAME = "$(TARGET_NAME)";
				SDKROOT = watchos;
				SWIFT_ACTIVE_COMPILATION_CONDITIONS = "DEBUG $(inherited)";
				SWIFT_EMIT_LOC_STRINGS = NO;
				SWIFT_OPTIMIZATION_LEVEL = "-Onone";
				SWIFT_VERSION = 5.0;
				TARGETED_DEVICE_FAMILY = 4;
				TEST_HOST = "$(BUILT_PRODUCTS_DIR)/watchkitapp Watch App.app/$(BUNDLE_EXECUTABLE_FOLDER_PATH)/watchkitapp Watch App";
				WATCHOS_DEPLOYMENT_TARGET = 11.2;
			};
			name = Debug;
		};
		DCCFA0E02F97F3BE0043FC45 /* Release */ = {
			isa = XCBuildConfiguration;
			buildSettings = {
				ASSETCATALOG_COMPILER_GENERATE_SWIFT_ASSET_SYMBOL_EXTENSIONS = YES;
				BUNDLE_LOADER = "$(TEST_HOST)";
				CLANG_ANALYZER_NONNULL = YES;
				CLANG_ANALYZER_NUMBER_OBJECT_CONVERSION = YES_AGGRESSIVE;
				CLANG_CXX_LANGUAGE_STANDARD = "gnu++20";
				CLANG_ENABLE_OBJC_WEAK = YES;
				CLANG_WARN_DOCUMENTATION_COMMENTS = YES;
				CLANG_WARN_QUOTED_INCLUDE_IN_FRAMEWORK_HEADER = YES;
				CLANG_WARN_UNGUARDED_AVAILABILITY = YES_AGGRESSIVE;
				CODE_SIGN_STYLE = Automatic;
				COPY_PHASE_STRIP = NO;
				CURRENT_PROJECT_VERSION = 114;
				DEBUG_INFORMATION_FORMAT = "dwarf-with-dsym";
				DEVELOPMENT_TEAM = 67936DLJC3;
				ENABLE_USER_SCRIPT_SANDBOXING = YES;
				GCC_C_LANGUAGE_STANDARD = gnu17;
				GENERATE_INFOPLIST_FILE = YES;
				LOCALIZATION_PREFERS_STRING_CATALOGS = YES;
				MARKETING_VERSION = 2.5.13;
				MTL_FAST_MATH = YES;
				OTHER_SWIFT_FLAGS = "$(inherited) -D EXPO_CONFIGURATION_RELEASE";
				PRODUCT_BUNDLE_IDENTIFIER = "app.runwithai.watchkitapp-Watch-AppTests";
				PRODUCT_NAME = "$(TARGET_NAME)";
				SDKROOT = watchos;
				SWIFT_COMPILATION_MODE = wholemodule;
				SWIFT_EMIT_LOC_STRINGS = NO;
				SWIFT_VERSION = 5.0;
				TARGETED_DEVICE_FAMILY = 4;
				TEST_HOST = "$(BUILT_PRODUCTS_DIR)/watchkitapp Watch App.app/$(BUNDLE_EXECUTABLE_FOLDER_PATH)/watchkitapp Watch App";
				WATCHOS_DEPLOYMENT_TARGET = 11.2;
			};
			name = Release;
		};
		DCCFA0E12F97F3BE0043FC45 /* Debug */ = {
			isa = XCBuildConfiguration;
			buildSettings = {
				ASSETCATALOG_COMPILER_GENERATE_SWIFT_ASSET_SYMBOL_EXTENSIONS = YES;
				CLANG_ANALYZER_NONNULL = YES;
				CLANG_ANALYZER_NUMBER_OBJECT_CONVERSION = YES_AGGRESSIVE;
				CLANG_CXX_LANGUAGE_STANDARD = "gnu++20";
				CLANG_ENABLE_OBJC_WEAK = YES;
				CLANG_WARN_DOCUMENTATION_COMMENTS = YES;
				CLANG_WARN_QUOTED_INCLUDE_IN_FRAMEWORK_HEADER = YES;
				CLANG_WARN_UNGUARDED_AVAILABILITY = YES_AGGRESSIVE;
				CODE_SIGN_STYLE = Automatic;
				CURRENT_PROJECT_VERSION = 114;
				DEBUG_INFORMATION_FORMAT = dwarf;
				DEVELOPMENT_TEAM = 67936DLJC3;
				ENABLE_USER_SCRIPT_SANDBOXING = YES;
				GCC_C_LANGUAGE_STANDARD = gnu17;
				GENERATE_INFOPLIST_FILE = YES;
				LOCALIZATION_PREFERS_STRING_CATALOGS = YES;
				MARKETING_VERSION = 2.5.13;
				MTL_ENABLE_DEBUG_INFO = INCLUDE_SOURCE;
				MTL_FAST_MATH = YES;
				OTHER_SWIFT_FLAGS = "$(inherited) -D EXPO_CONFIGURATION_DEBUG";
				PRODUCT_BUNDLE_IDENTIFIER = "app.runwithai.watchkitapp-Watch-AppUITests";
				PRODUCT_NAME = "$(TARGET_NAME)";
				SDKROOT = watchos;
				SWIFT_ACTIVE_COMPILATION_CONDITIONS = "DEBUG $(inherited)";
				SWIFT_EMIT_LOC_STRINGS = NO;
				SWIFT_OPTIMIZATION_LEVEL = "-Onone";
				SWIFT_VERSION = 5.0;
				TARGETED_DEVICE_FAMILY = 4;
				TEST_TARGET_NAME = "watchkitapp Watch App";
				WATCHOS_DEPLOYMENT_TARGET = 11.2;
			};
			name = Debug;
		};
		DCCFA0E22F97F3BE0043FC45 /* Release */ = {
			isa = XCBuildConfiguration;
			buildSettings = {
				ASSETCATALOG_COMPILER_GENERATE_SWIFT_ASSET_SYMBOL_EXTENSIONS = YES;
				CLANG_ANALYZER_NONNULL = YES;
				CLANG_ANALYZER_NUMBER_OBJECT_CONVERSION = YES_AGGRESSIVE;
				CLANG_CXX_LANGUAGE_STANDARD = "gnu++20";
				CLANG_ENABLE_OBJC_WEAK = YES;
				CLANG_WARN_DOCUMENTATION_COMMENTS = YES;
				CLANG_WARN_QUOTED_INCLUDE_IN_FRAMEWORK_HEADER = YES;
				CLANG_WARN_UNGUARDED_AVAILABILITY = YES_AGGRESSIVE;
				CODE_SIGN_STYLE = Automatic;
				COPY_PHASE_STRIP = NO;
				CURRENT_PROJECT_VERSION = 114;
				DEBUG_INFORMATION_FORMAT = "dwarf-with-dsym";
				DEVELOPMENT_TEAM = 67936DLJC3;
				ENABLE_USER_SCRIPT_SANDBOXING = YES;
				GCC_C_LANGUAGE_STANDARD = gnu17;
				GENERATE_INFOPLIST_FILE = YES;
				LOCALIZATION_PREFERS_STRING_CATALOGS = YES;
				MARKETING_VERSION = 2.5.13;
				MTL_FAST_MATH = YES;
				OTHER_SWIFT_FLAGS = "$(inherited) -D EXPO_CONFIGURATION_RELEASE";
				PRODUCT_BUNDLE_IDENTIFIER = "app.runwithai.watchkitapp-Watch-AppUITests";
				PRODUCT_NAME = "$(TARGET_NAME)";
				SDKROOT = watchos;
				SWIFT_COMPILATION_MODE = wholemodule;
				SWIFT_EMIT_LOC_STRINGS = NO;
				SWIFT_VERSION = 5.0;
				TARGETED_DEVICE_FAMILY = 4;
				TEST_TARGET_NAME = "watchkitapp Watch App";
				WATCHOS_DEPLOYMENT_TARGET = 11.2;
			};
			name = Release;
		};
/* End XCBuildConfiguration section */

/* Begin XCConfigurationList section */
		13B07F931A680F5B00A75B9A /* Build configuration list for PBXNativeTarget "RunWithAI" */ = {
			isa = XCConfigurationList;
			buildConfigurations = (
				13B07F941A680F5B00A75B9A /* Debug */,
				13B07F951A680F5B00A75B9A /* Release */,
			);
			defaultConfigurationIsVisible = 0;
			defaultConfigurationName = Release;
		};
		83CBB9FA1A601CBA00E9B192 /* Build configuration list for PBXProject "RunWithAI" */ = {
			isa = XCConfigurationList;
			buildConfigurations = (
				83CBBA201A601CBA00E9B192 /* Debug */,
				83CBBA211A601CBA00E9B192 /* Release */,
			);
			defaultConfigurationIsVisible = 0;
			defaultConfigurationName = Release;
		};
		DC89704B2FE1E8EE00701113 /* Build configuration list for PBXNativeTarget "RunWithAILiveActivityExtension" */ = {
			isa = XCConfigurationList;
			buildConfigurations = (
				DC89704C2FE1E8EE00701113 /* Debug */,
				DC89704D2FE1E8EE00701113 /* Release */,
			);
			defaultConfigurationIsVisible = 0;
			defaultConfigurationName = Release;
		};
		DCCFA0E32F97F3BE0043FC45 /* Build configuration list for PBXNativeTarget "watchkitapp Watch App" */ = {
			isa = XCConfigurationList;
			buildConfigurations = (
				DCCFA0DD2F97F3BE0043FC45 /* Debug */,
				DCCFA0DE2F97F3BE0043FC45 /* Release */,
			);
			defaultConfigurationIsVisible = 0;
			defaultConfigurationName = Release;
		};
		DCCFA0E42F97F3BE0043FC45 /* Build configuration list for PBXNativeTarget "watchkitapp Watch AppTests" */ = {
			isa = XCConfigurationList;
			buildConfigurations = (
				DCCFA0DF2F97F3BE0043FC45 /* Debug */,
				DCCFA0E02F97F3BE0043FC45 /* Release */,
			);
			defaultConfigurationIsVisible = 0;
			defaultConfigurationName = Release;
		};
		DCCFA0E52F97F3BE0043FC45 /* Build configuration list for PBXNativeTarget "watchkitapp Watch AppUITests" */ = {
			isa = XCConfigurationList;
			buildConfigurations = (
				DCCFA0E12F97F3BE0043FC45 /* Debug */,
				DCCFA0E22F97F3BE0043FC45 /* Release */,
			);
			defaultConfigurationIsVisible = 0;
			defaultConfigurationName = Release;
		};
/* End XCConfigurationList section */
	};
	rootObject = 83CBB9F71A601CBA00E9B192 /* Project object */;
}
